{
  "object": {
    "pins": [
      {
        "package": "Acheron",
        "repositoryURL": "https://github.com/aepryus/Acheron.git",
        "state": {
          "branch": "master",
          "revision": "dcd4289b48a26af069a736814ad50a692b5c1251",
          "version": null
        }
      },
      {
        "package": "OoviumEngine",
        "repositoryURL": "https://github.com/aepryus/OoviumEngine.git",
        "state": {
          "branch": "master",
          "revision": "14a324ae3f0483063d2c375a18238b295d23d604",
          "version": null
        }
      },
      {
        "package": "OoviumKit",
        "repositoryURL": "https://github.com/aepryus/OoviumKit",
        "state": {
          "branch": "master",
          "revision": "38dcc37870b42c5a4ae99b84b2b5a346a9d1f8c3",
          "version": null
        }
      }
    ]
  },
  "version": 1
}
