// !$*UTF8*$!
{
	archiveVersion = 1;
	classes = {
	};
	objectVersion = 55;
	objects = {

/* Begin PBXBuildFile section */
		D83D48B927D8E1240078C828 /* NUXBubble.swift in Sources */ = {isa = PBXBuildFile; fileRef = D83D48B627D8E1240078C828 /* NUXBubble.swift */; };
		D83D48BA27D8E1240078C828 /* NUXView.swift in Sources */ = {isa = PBXBuildFile; fileRef = D83D48B727D8E1240078C828 /* NUXView.swift */; };
		D83D48BB27D8E1240078C828 /* NUXPageView.swift in Sources */ = {isa = PBXBuildFile; fileRef = D83D48B827D8E1240078C828 /* NUXPageView.swift */; };
		D83D48BD27D8E12F0078C828 /* Initiation.swift in Sources */ = {isa = PBXBuildFile; fileRef = D83D48BC27D8E12F0078C828 /* Initiation.swift */; };
		D83D48C527D8E1540078C828 /* BlankState.swift in Sources */ = {isa = PBXBuildFile; fileRef = D83D48BF27D8E1540078C828 /* BlankState.swift */; };
		D83D48C627D8E1540078C828 /* SubscribeButton.swift in Sources */ = {isa = PBXBuildFile; fileRef = D83D48C027D8E1540078C828 /* SubscribeButton.swift */; };
		D83D48C727D8E1540078C828 /* OfflineState.swift in Sources */ = {isa = PBXBuildFile; fileRef = D83D48C127D8E1540078C828 /* OfflineState.swift */; };
		D83D48C827D8E1540078C828 /* SignUpState.swift in Sources */ = {isa = PBXBuildFile; fileRef = D83D48C227D8E1540078C828 /* SignUpState.swift */; };
		D83D48C927D8E1540078C828 /* OoviumState.swift in Sources */ = {isa = PBXBuildFile; fileRef = D83D48C327D8E1540078C828 /* OoviumState.swift */; };
		D83D48CA27D8E1540078C828 /* SubscribeState.swift in Sources */ = {isa = PBXBuildFile; fileRef = D83D48C427D8E1540078C828 /* SubscribeState.swift */; };
		D83D48D227D8E5230078C828 /* LinksMenu.swift in Sources */ = {isa = PBXBuildFile; fileRef = D83D48CC27D8E5230078C828 /* LinksMenu.swift */; };
		D83D48D327D8E5230078C828 /* AetherMenu.swift in Sources */ = {isa = PBXBuildFile; fileRef = D83D48CD27D8E5230078C828 /* AetherMenu.swift */; };
		D83D48D427D8E5230078C828 /* RedDot.swift in Sources */ = {isa = PBXBuildFile; fileRef = D83D48CE27D8E5230078C828 /* RedDot.swift */; };
		D83D48D527D8E5230078C828 /* KeyPad.swift in Sources */ = {isa = PBXBuildFile; fileRef = D83D48CF27D8E5230078C828 /* KeyPad.swift */; };
		D83D48D627D8E5230078C828 /* RootMenu.swift in Sources */ = {isa = PBXBuildFile; fileRef = D83D48D027D8E5230078C828 /* RootMenu.swift */; };
		D83D48D727D8E5230078C828 /* HelpMenu.swift in Sources */ = {isa = PBXBuildFile; fileRef = D83D48D127D8E5230078C828 /* HelpMenu.swift */; };
		D83D48E027D8E5DA0078C828 /* ArticlesView.swift in Sources */ = {isa = PBXBuildFile; fileRef = D83D48D927D8E5D90078C828 /* ArticlesView.swift */; };
		D83D48E127D8E5DA0078C828 /* PathView.swift in Sources */ = {isa = PBXBuildFile; fileRef = D83D48DA27D8E5D90078C828 /* PathView.swift */; };
		D83D48E227D8E5DA0078C828 /* ArticleCell.swift in Sources */ = {isa = PBXBuildFile; fileRef = D83D48DB27D8E5D90078C828 /* ArticleCell.swift */; };
		D83D48E327D8E5DA0078C828 /* StickyIcon.swift in Sources */ = {isa = PBXBuildFile; fileRef = D83D48DC27D8E5D90078C828 /* StickyIcon.swift */; };
		D83D48E427D8E5DA0078C828 /* ToDoIcon.swift in Sources */ = {isa = PBXBuildFile; fileRef = D83D48DD27D8E5D90078C828 /* ToDoIcon.swift */; };
		D83D48E527D8E5DA0078C828 /* Antechamber.swift in Sources */ = {isa = PBXBuildFile; fileRef = D83D48DE27D8E5DA0078C828 /* Antechamber.swift */; };
		D83D48E627D8E5DA0078C828 /* WhatsNewIcon.swift in Sources */ = {isa = PBXBuildFile; fileRef = D83D48DF27D8E5DA0078C828 /* WhatsNewIcon.swift */; };
		D8CC689627D64EB500D25FF1 /* AppDelegate.swift in Sources */ = {isa = PBXBuildFile; fileRef = D8CC689527D64EB500D25FF1 /* AppDelegate.swift */; };
		D8CC689F27D64EB500D25FF1 /* Assets.xcassets in Resources */ = {isa = PBXBuildFile; fileRef = D8CC689E27D64EB500D25FF1 /* Assets.xcassets */; };
		D8CC68A227D64EB500D25FF1 /* LaunchScreen.storyboard in Resources */ = {isa = PBXBuildFile; fileRef = D8CC68A027D64EB500D25FF1 /* LaunchScreen.storyboard */; };
		D8CC68AD27D64F3500D25FF1 /* Oovium.swift in Sources */ = {isa = PBXBuildFile; fileRef = D8CC68AC27D64F3500D25FF1 /* Oovium.swift */; };
		D8CC68B127D6506600D25FF1 /* OoviumKit in Frameworks */ = {isa = PBXBuildFile; productRef = D8CC68B027D6506600D25FF1 /* OoviumKit */; };
/* End PBXBuildFile section */

/* Begin PBXFileReference section */
		D83D48B627D8E1240078C828 /* NUXBubble.swift */ = {isa = PBXFileReference; fileEncoding = 4; lastKnownFileType = sourcecode.swift; path = NUXBubble.swift; sourceTree = "<group>"; };
		D83D48B727D8E1240078C828 /* NUXView.swift */ = {isa = PBXFileReference; fileEncoding = 4; lastKnownFileType = sourcecode.swift; path = NUXView.swift; sourceTree = "<group>"; };
		D83D48B827D8E1240078C828 /* NUXPageView.swift */ = {isa = PBXFileReference; fileEncoding = 4; lastKnownFileType = sourcecode.swift; path = NUXPageView.swift; sourceTree = "<group>"; };
		D83D48BC27D8E12F0078C828 /* Initiation.swift */ = {isa = PBXFileReference; fileEncoding = 4; lastKnownFileType = sourcecode.swift; path = Initiation.swift; sourceTree = "<group>"; };
		D83D48BF27D8E1540078C828 /* BlankState.swift */ = {isa = PBXFileReference; fileEncoding = 4; lastKnownFileType = sourcecode.swift; path = BlankState.swift; sourceTree = "<group>"; };
		D83D48C027D8E1540078C828 /* SubscribeButton.swift */ = {isa = PBXFileReference; fileEncoding = 4; lastKnownFileType = sourcecode.swift; path = SubscribeButton.swift; sourceTree = "<group>"; };
		D83D48C127D8E1540078C828 /* OfflineState.swift */ = {isa = PBXFileReference; fileEncoding = 4; lastKnownFileType = sourcecode.swift; path = OfflineState.swift; sourceTree = "<group>"; };
		D83D48C227D8E1540078C828 /* SignUpState.swift */ = {isa = PBXFileReference; fileEncoding = 4; lastKnownFileType = sourcecode.swift; path = SignUpState.swift; sourceTree = "<group>"; };
		D83D48C327D8E1540078C828 /* OoviumState.swift */ = {isa = PBXFileReference; fileEncoding = 4; lastKnownFileType = sourcecode.swift; path = OoviumState.swift; sourceTree = "<group>"; };
		D83D48C427D8E1540078C828 /* SubscribeState.swift */ = {isa = PBXFileReference; fileEncoding = 4; lastKnownFileType = sourcecode.swift; path = SubscribeState.swift; sourceTree = "<group>"; };
		D83D48CC27D8E5230078C828 /* LinksMenu.swift */ = {isa = PBXFileReference; fileEncoding = 4; lastKnownFileType = sourcecode.swift; path = LinksMenu.swift; sourceTree = "<group>"; };
		D83D48CD27D8E5230078C828 /* AetherMenu.swift */ = {isa = PBXFileReference; fileEncoding = 4; lastKnownFileType = sourcecode.swift; path = AetherMenu.swift; sourceTree = "<group>"; };
		D83D48CE27D8E5230078C828 /* RedDot.swift */ = {isa = PBXFileReference; fileEncoding = 4; lastKnownFileType = sourcecode.swift; path = RedDot.swift; sourceTree = "<group>"; };
		D83D48CF27D8E5230078C828 /* KeyPad.swift */ = {isa = PBXFileReference; fileEncoding = 4; lastKnownFileType = sourcecode.swift; path = KeyPad.swift; sourceTree = "<group>"; };
		D83D48D027D8E5230078C828 /* RootMenu.swift */ = {isa = PBXFileReference; fileEncoding = 4; lastKnownFileType = sourcecode.swift; path = RootMenu.swift; sourceTree = "<group>"; };
		D83D48D127D8E5230078C828 /* HelpMenu.swift */ = {isa = PBXFileReference; fileEncoding = 4; lastKnownFileType = sourcecode.swift; path = HelpMenu.swift; sourceTree = "<group>"; };
		D83D48D927D8E5D90078C828 /* ArticlesView.swift */ = {isa = PBXFileReference; fileEncoding = 4; lastKnownFileType = sourcecode.swift; path = ArticlesView.swift; sourceTree = "<group>"; };
		D83D48DA27D8E5D90078C828 /* PathView.swift */ = {isa = PBXFileReference; fileEncoding = 4; lastKnownFileType = sourcecode.swift; path = PathView.swift; sourceTree = "<group>"; };
		D83D48DB27D8E5D90078C828 /* ArticleCell.swift */ = {isa = PBXFileReference; fileEncoding = 4; lastKnownFileType = sourcecode.swift; path = ArticleCell.swift; sourceTree = "<group>"; };
		D83D48DC27D8E5D90078C828 /* StickyIcon.swift */ = {isa = PBXFileReference; fileEncoding = 4; lastKnownFileType = sourcecode.swift; path = StickyIcon.swift; sourceTree = "<group>"; };
		D83D48DD27D8E5D90078C828 /* ToDoIcon.swift */ = {isa = PBXFileReference; fileEncoding = 4; lastKnownFileType = sourcecode.swift; path = ToDoIcon.swift; sourceTree = "<group>"; };
		D83D48DE27D8E5DA0078C828 /* Antechamber.swift */ = {isa = PBXFileReference; fileEncoding = 4; lastKnownFileType = sourcecode.swift; path = Antechamber.swift; sourceTree = "<group>"; };
		D83D48DF27D8E5DA0078C828 /* WhatsNewIcon.swift */ = {isa = PBXFileReference; fileEncoding = 4; lastKnownFileType = sourcecode.swift; path = WhatsNewIcon.swift; sourceTree = "<group>"; };
		D8CC689227D64EB500D25FF1 /* Oovium.app */ = {isa = PBXFileReference; explicitFileType = wrapper.application; includeInIndex = 0; path = Oovium.app; sourceTree = BUILT_PRODUCTS_DIR; };
		D8CC689527D64EB500D25FF1 /* AppDelegate.swift */ = {isa = PBXFileReference; lastKnownFileType = sourcecode.swift; path = AppDelegate.swift; sourceTree = "<group>"; };
		D8CC689E27D64EB500D25FF1 /* Assets.xcassets */ = {isa = PBXFileReference; lastKnownFileType = folder.assetcatalog; path = Assets.xcassets; sourceTree = "<group>"; };
		D8CC68A127D64EB500D25FF1 /* Base */ = {isa = PBXFileReference; lastKnownFileType = file.storyboard; name = Base; path = Base.lproj/LaunchScreen.storyboard; sourceTree = "<group>"; };
		D8CC68A327D64EB500D25FF1 /* Info.plist */ = {isa = PBXFileReference; lastKnownFileType = text.plist.xml; path = Info.plist; sourceTree = "<group>"; };
		D8CC68AC27D64F3500D25FF1 /* Oovium.swift */ = {isa = PBXFileReference; lastKnownFileType = sourcecode.swift; path = Oovium.swift; sourceTree = "<group>"; };
		D8CC68AE27D64F6800D25FF1 /* Oovium.entitlements */ = {isa = PBXFileReference; lastKnownFileType = text.plist.entitlements; path = Oovium.entitlements; sourceTree = "<group>"; };
/* End PBXFileReference section */

/* Begin PBXFrameworksBuildPhase section */
		D8CC688F27D64EB500D25FF1 /* Frameworks */ = {
			isa = PBXFrameworksBuildPhase;
			buildActionMask = 2147483647;
			files = (
				D8CC68B127D6506600D25FF1 /* OoviumKit in Frameworks */,
			);
			runOnlyForDeploymentPostprocessing = 0;
		};
/* End PBXFrameworksBuildPhase section */

/* Begin PBXGroup section */
		D83D48B427D8E0DD0078C828 /* NUX */ = {
			isa = PBXGroup;
			children = (
				D83D48B627D8E1240078C828 /* NUXBubble.swift */,
				D83D48B827D8E1240078C828 /* NUXPageView.swift */,
				D83D48B727D8E1240078C828 /* NUXView.swift */,
			);
			path = NUX;
			sourceTree = "<group>";
		};
		D83D48B527D8E1060078C828 /* Initiation */ = {
			isa = PBXGroup;
			children = (
				D83D48BE27D8E13B0078C828 /* States */,
				D83D48BC27D8E12F0078C828 /* Initiation.swift */,
			);
			path = Initiation;
			sourceTree = "<group>";
		};
		D83D48BE27D8E13B0078C828 /* States */ = {
			isa = PBXGroup;
			children = (
				D83D48BF27D8E1540078C828 /* BlankState.swift */,
				D83D48C127D8E1540078C828 /* OfflineState.swift */,
				D83D48C327D8E1540078C828 /* OoviumState.swift */,
				D83D48C227D8E1540078C828 /* SignUpState.swift */,
				D83D48C027D8E1540078C828 /* SubscribeButton.swift */,
				D83D48C427D8E1540078C828 /* SubscribeState.swift */,
			);
			path = States;
			sourceTree = "<group>";
		};
		D83D48CB27D8E4EF0078C828 /* Menu */ = {
			isa = PBXGroup;
			children = (
				D83D48CD27D8E5230078C828 /* AetherMenu.swift */,
				D83D48D127D8E5230078C828 /* HelpMenu.swift */,
				D83D48CF27D8E5230078C828 /* KeyPad.swift */,
				D83D48CC27D8E5230078C828 /* LinksMenu.swift */,
				D83D48CE27D8E5230078C828 /* RedDot.swift */,
				D83D48D027D8E5230078C828 /* RootMenu.swift */,
			);
			path = Menu;
			sourceTree = "<group>";
		};
		D83D48D827D8E5B00078C828 /* Antechamber */ = {
			isa = PBXGroup;
			children = (
				D83D48DE27D8E5DA0078C828 /* Antechamber.swift */,
				D83D48DB27D8E5D90078C828 /* ArticleCell.swift */,
				D83D48D927D8E5D90078C828 /* ArticlesView.swift */,
				D83D48DA27D8E5D90078C828 /* PathView.swift */,
				D83D48DC27D8E5D90078C828 /* StickyIcon.swift */,
				D83D48DD27D8E5D90078C828 /* ToDoIcon.swift */,
				D83D48DF27D8E5DA0078C828 /* WhatsNewIcon.swift */,
			);
			path = Antechamber;
			sourceTree = "<group>";
		};
		D8CC688927D64EB500D25FF1 = {
			isa = PBXGroup;
			children = (
				D8CC689427D64EB500D25FF1 /* Oovium */,
				D8CC689327D64EB500D25FF1 /* Products */,
			);
			sourceTree = "<group>";
		};
		D8CC689327D64EB500D25FF1 /* Products */ = {
			isa = PBXGroup;
			children = (
				D8CC689227D64EB500D25FF1 /* Oovium.app */,
			);
			name = Products;
			sourceTree = "<group>";
		};
		D8CC689427D64EB500D25FF1 /* Oovium */ = {
			isa = PBXGroup;
			children = (
				D8CC68A927D64EE400D25FF1 /* Interface */,
				D8CC68AA27D64EFC00D25FF1 /* Global */,
				D8CC68AB27D64F0800D25FF1 /* Resources */,
			);
			path = Oovium;
			sourceTree = "<group>";
		};
		D8CC68A927D64EE400D25FF1 /* Interface */ = {
			isa = PBXGroup;
			children = (
				D83D48D827D8E5B00078C828 /* Antechamber */,
				D83D48CB27D8E4EF0078C828 /* Menu */,
				D83D48B527D8E1060078C828 /* Initiation */,
				D83D48B427D8E0DD0078C828 /* NUX */,
			);
			path = Interface;
			sourceTree = "<group>";
		};
		D8CC68AA27D64EFC00D25FF1 /* Global */ = {
			isa = PBXGroup;
			children = (
				D8CC689527D64EB500D25FF1 /* AppDelegate.swift */,
				D8CC68AC27D64F3500D25FF1 /* Oovium.swift */,
			);
			path = Global;
			sourceTree = "<group>";
		};
		D8CC68AB27D64F0800D25FF1 /* Resources */ = {
			isa = PBXGroup;
			children = (
				D8CC68AE27D64F6800D25FF1 /* Oovium.entitlements */,
				D8CC689E27D64EB500D25FF1 /* Assets.xcassets */,
				D8CC68A027D64EB500D25FF1 /* LaunchScreen.storyboard */,
				D8CC68A327D64EB500D25FF1 /* Info.plist */,
			);
			path = Resources;
			sourceTree = "<group>";
		};
/* End PBXGroup section */

/* Begin PBXNativeTarget section */
		D8CC689127D64EB500D25FF1 /* Oovium */ = {
			isa = PBXNativeTarget;
			buildConfigurationList = D8CC68A627D64EB500D25FF1 /* Build configuration list for PBXNativeTarget "Oovium" */;
			buildPhases = (
				D8CC688E27D64EB500D25FF1 /* Sources */,
				D8CC688F27D64EB500D25FF1 /* Frameworks */,
				D8CC689027D64EB500D25FF1 /* Resources */,
			);
			buildRules = (
			);
			dependencies = (
			);
			name = Oovium;
			packageProductDependencies = (
				D8CC68B027D6506600D25FF1 /* OoviumKit */,
			);
			productName = Oovium;
			productReference = D8CC689227D64EB500D25FF1 /* Oovium.app */;
			productType = "com.apple.product-type.application";
		};
/* End PBXNativeTarget section */

/* Begin PBXProject section */
		D8CC688A27D64EB500D25FF1 /* Project object */ = {
			isa = PBXProject;
			attributes = {
				BuildIndependentTargetsInParallel = 1;
				LastSwiftUpdateCheck = 1320;
				LastUpgradeCheck = 1320;
				TargetAttributes = {
					D8CC689127D64EB500D25FF1 = {
						CreatedOnToolsVersion = 13.2.1;
					};
				};
			};
			buildConfigurationList = D8CC688D27D64EB500D25FF1 /* Build configuration list for PBXProject "Oovium" */;
			compatibilityVersion = "Xcode 13.0";
			developmentRegion = en;
			hasScannedForEncodings = 0;
			knownRegions = (
				en,
				Base,
			);
			mainGroup = D8CC688927D64EB500D25FF1;
			packageReferences = (
				D8CC68AF27D6506600D25FF1 /* XCRemoteSwiftPackageReference "OoviumKit" */,
			);
			productRefGroup = D8CC689327D64EB500D25FF1 /* Products */;
			projectDirPath = "";
			projectRoot = "";
			targets = (
				D8CC689127D64EB500D25FF1 /* Oovium */,
			);
		};
/* End PBXProject section */

/* Begin PBXResourcesBuildPhase section */
		D8CC689027D64EB500D25FF1 /* Resources */ = {
			isa = PBXResourcesBuildPhase;
			buildActionMask = 2147483647;
			files = (
				D8CC68A227D64EB500D25FF1 /* LaunchScreen.storyboard in Resources */,
				D8CC689F27D64EB500D25FF1 /* Assets.xcassets in Resources */,
			);
			runOnlyForDeploymentPostprocessing = 0;
		};
/* End PBXResourcesBuildPhase section */

/* Begin PBXSourcesBuildPhase section */
		D8CC688E27D64EB500D25FF1 /* Sources */ = {
			isa = PBXSourcesBuildPhase;
			buildActionMask = 2147483647;
			files = (
				D83D48C927D8E1540078C828 /* OoviumState.swift in Sources */,
				D83D48D327D8E5230078C828 /* AetherMenu.swift in Sources */,
				D83D48D227D8E5230078C828 /* LinksMenu.swift in Sources */,
				D83D48E327D8E5DA0078C828 /* StickyIcon.swift in Sources */,
				D83D48E627D8E5DA0078C828 /* WhatsNewIcon.swift in Sources */,
				D83D48B927D8E1240078C828 /* NUXBubble.swift in Sources */,
				D8CC68AD27D64F3500D25FF1 /* Oovium.swift in Sources */,
				D83D48E127D8E5DA0078C828 /* PathView.swift in Sources */,
				D83D48BD27D8E12F0078C828 /* Initiation.swift in Sources */,
				D83D48C527D8E1540078C828 /* BlankState.swift in Sources */,
				D83D48C727D8E1540078C828 /* OfflineState.swift in Sources */,
				D83D48D427D8E5230078C828 /* RedDot.swift in Sources */,
				D83D48D527D8E5230078C828 /* KeyPad.swift in Sources */,
				D83D48E427D8E5DA0078C828 /* ToDoIcon.swift in Sources */,
				D83D48E227D8E5DA0078C828 /* ArticleCell.swift in Sources */,
				D83D48E527D8E5DA0078C828 /* Antechamber.swift in Sources */,
				D83D48BA27D8E1240078C828 /* NUXView.swift in Sources */,
				D83D48C627D8E1540078C828 /* SubscribeButton.swift in Sources */,
				D83D48CA27D8E1540078C828 /* SubscribeState.swift in Sources */,
				D8CC689627D64EB500D25FF1 /* AppDelegate.swift in Sources */,
				D83D48E027D8E5DA0078C828 /* ArticlesView.swift in Sources */,
				D83D48D727D8E5230078C828 /* HelpMenu.swift in Sources */,
				D83D48C827D8E1540078C828 /* SignUpState.swift in Sources */,
				D83D48D627D8E5230078C828 /* RootMenu.swift in Sources */,
				D83D48BB27D8E1240078C828 /* NUXPageView.swift in Sources */,
			);
			runOnlyForDeploymentPostprocessing = 0;
		};
/* End PBXSourcesBuildPhase section */

/* Begin PBXVariantGroup section */
		D8CC68A027D64EB500D25FF1 /* LaunchScreen.storyboard */ = {
			isa = PBXVariantGroup;
			children = (
				D8CC68A127D64EB500D25FF1 /* Base */,
			);
			name = LaunchScreen.storyboard;
			sourceTree = "<group>";
		};
/* End PBXVariantGroup section */

/* Begin XCBuildConfiguration section */
		D8CC68A427D64EB500D25FF1 /* Debug */ = {
			isa = XCBuildConfiguration;
			buildSettings = {
				ALWAYS_SEARCH_USER_PATHS = NO;
				CLANG_ANALYZER_NONNULL = YES;
				CLANG_ANALYZER_NUMBER_OBJECT_CONVERSION = YES_AGGRESSIVE;
				CLANG_CXX_LANGUAGE_STANDARD = "gnu++17";
				CLANG_CXX_LIBRARY = "libc++";
				CLANG_ENABLE_MODULES = YES;
				CLANG_ENABLE_OBJC_ARC = YES;
				CLANG_ENABLE_OBJC_WEAK = YES;
				CLANG_WARN_BLOCK_CAPTURE_AUTORELEASING = YES;
				CLANG_WARN_BOOL_CONVERSION = YES;
				CLANG_WARN_COMMA = YES;
				CLANG_WARN_CONSTANT_CONVERSION = YES;
				CLANG_WARN_DEPRECATED_OBJC_IMPLEMENTATIONS = YES;
				CLANG_WARN_DIRECT_OBJC_ISA_USAGE = YES_ERROR;
				CLANG_WARN_DOCUMENTATION_COMMENTS = YES;
				CLANG_WARN_EMPTY_BODY = YES;
				CLANG_WARN_ENUM_CONVERSION = YES;
				CLANG_WARN_INFINITE_RECURSION = YES;
				CLANG_WARN_INT_CONVERSION = YES;
				CLANG_WARN_NON_LITERAL_NULL_CONVERSION = YES;
				CLANG_WARN_OBJC_IMPLICIT_RETAIN_SELF = YES;
				CLANG_WARN_OBJC_LITERAL_CONVERSION = YES;
				CLANG_WARN_OBJC_ROOT_CLASS = YES_ERROR;
				CLANG_WARN_QUOTED_INCLUDE_IN_FRAMEWORK_HEADER = YES;
				CLANG_WARN_RANGE_LOOP_ANALYSIS = YES;
				CLANG_WARN_STRICT_PROTOTYPES = YES;
				CLANG_WARN_SUSPICIOUS_MOVE = YES;
				CLANG_WARN_UNGUARDED_AVAILABILITY = YES_AGGRESSIVE;
				CLANG_WARN_UNREACHABLE_CODE = YES;
				CLANG_WARN__DUPLICATE_METHOD_MATCH = YES;
				COPY_PHASE_STRIP = NO;
				DEBUG_INFORMATION_FORMAT = dwarf;
				ENABLE_STRICT_OBJC_MSGSEND = YES;
				ENABLE_TESTABILITY = YES;
				GCC_C_LANGUAGE_STANDARD = gnu11;
				GCC_DYNAMIC_NO_PIC = NO;
				GCC_NO_COMMON_BLOCKS = YES;
				GCC_OPTIMIZATION_LEVEL = 0;
				GCC_PREPROCESSOR_DEFINITIONS = (
					"DEBUG=1",
					"$(inherited)",
				);
				GCC_WARN_64_TO_32_BIT_CONVERSION = YES;
				GCC_WARN_ABOUT_RETURN_TYPE = YES_ERROR;
				GCC_WARN_UNDECLARED_SELECTOR = YES;
				GCC_WARN_UNINITIALIZED_AUTOS = YES_AGGRESSIVE;
				GCC_WARN_UNUSED_FUNCTION = YES;
				GCC_WARN_UNUSED_VARIABLE = YES;
				IPHONEOS_DEPLOYMENT_TARGET = 15.2;
				MTL_ENABLE_DEBUG_INFO = INCLUDE_SOURCE;
				MTL_FAST_MATH = YES;
				ONLY_ACTIVE_ARCH = YES;
				SDKROOT = iphoneos;
				SWIFT_ACTIVE_COMPILATION_CONDITIONS = DEBUG;
				SWIFT_OPTIMIZATION_LEVEL = "-Onone";
			};
			name = Debug;
		};
		D8CC68A527D64EB500D25FF1 /* Release */ = {
			isa = XCBuildConfiguration;
			buildSettings = {
				ALWAYS_SEARCH_USER_PATHS = NO;
				CLANG_ANALYZER_NONNULL = YES;
				CLANG_ANALYZER_NUMBER_OBJECT_CONVERSION = YES_AGGRESSIVE;
				CLANG_CXX_LANGUAGE_STANDARD = "gnu++17";
				CLANG_CXX_LIBRARY = "libc++";
				CLANG_ENABLE_MODULES = YES;
				CLANG_ENABLE_OBJC_ARC = YES;
				CLANG_ENABLE_OBJC_WEAK = YES;
				CLANG_WARN_BLOCK_CAPTURE_AUTORELEASING = YES;
				CLANG_WARN_BOOL_CONVERSION = YES;
				CLANG_WARN_COMMA = YES;
				CLANG_WARN_CONSTANT_CONVERSION = YES;
				CLANG_WARN_DEPRECATED_OBJC_IMPLEMENTATIONS = YES;
				CLANG_WARN_DIRECT_OBJC_ISA_USAGE = YES_ERROR;
				CLANG_WARN_DOCUMENTATION_COMMENTS = YES;
				CLANG_WARN_EMPTY_BODY = YES;
				CLANG_WARN_ENUM_CONVERSION = YES;
				CLANG_WARN_INFINITE_RECURSION = YES;
				CLANG_WARN_INT_CONVERSION = YES;
				CLANG_WARN_NON_LITERAL_NULL_CONVERSION = YES;
				CLANG_WARN_OBJC_IMPLICIT_RETAIN_SELF = YES;
				CLANG_WARN_OBJC_LITERAL_CONVERSION = YES;
				CLANG_WARN_OBJC_ROOT_CLASS = YES_ERROR;
				CLANG_WARN_QUOTED_INCLUDE_IN_FRAMEWORK_HEADER = YES;
				CLANG_WARN_RANGE_LOOP_ANALYSIS = YES;
				CLANG_WARN_STRICT_PROTOTYPES = YES;
				CLANG_WARN_SUSPICIOUS_MOVE = YES;
				CLANG_WARN_UNGUARDED_AVAILABILITY = YES_AGGRESSIVE;
				CLANG_WARN_UNREACHABLE_CODE = YES;
				CLANG_WARN__DUPLICATE_METHOD_MATCH = YES;
				COPY_PHASE_STRIP = NO;
				DEBUG_INFORMATION_FORMAT = "dwarf-with-dsym";
				ENABLE_NS_ASSERTIONS = NO;
				ENABLE_STRICT_OBJC_MSGSEND = YES;
				GCC_C_LANGUAGE_STANDARD = gnu11;
				GCC_NO_COMMON_BLOCKS = YES;
				GCC_WARN_64_TO_32_BIT_CONVERSION = YES;
				GCC_WARN_ABOUT_RETURN_TYPE = YES_ERROR;
				GCC_WARN_UNDECLARED_SELECTOR = YES;
				GCC_WARN_UNINITIALIZED_AUTOS = YES_AGGRESSIVE;
				GCC_WARN_UNUSED_FUNCTION = YES;
				GCC_WARN_UNUSED_VARIABLE = YES;
				IPHONEOS_DEPLOYMENT_TARGET = 15.2;
				MTL_ENABLE_DEBUG_INFO = NO;
				MTL_FAST_MATH = YES;
				SDKROOT = iphoneos;
				SWIFT_COMPILATION_MODE = wholemodule;
				SWIFT_OPTIMIZATION_LEVEL = "-O";
				VALIDATE_PRODUCT = YES;
			};
			name = Release;
		};
		D8CC68A727D64EB500D25FF1 /* Debug */ = {
			isa = XCBuildConfiguration;
			buildSettings = {
				ASSETCATALOG_COMPILER_APPICON_NAME = AppIcon;
				ASSETCATALOG_COMPILER_GLOBAL_ACCENT_COLOR_NAME = AccentColor;
				CODE_SIGN_ENTITLEMENTS = Oovium/Resources/Oovium.entitlements;
				CODE_SIGN_STYLE = Automatic;
				CURRENT_PROJECT_VERSION = 1;
				DEVELOPMENT_TEAM = Z6PFG8RC6V;
				GENERATE_INFOPLIST_FILE = YES;
				INFOPLIST_FILE = Oovium/Info.plist;
				INFOPLIST_KEY_UIApplicationSupportsIndirectInputEvents = YES;
				INFOPLIST_KEY_UILaunchStoryboardName = LaunchScreen;
				INFOPLIST_KEY_UISupportedInterfaceOrientations_iPad = "UIInterfaceOrientationPortrait UIInterfaceOrientationPortraitUpsideDown UIInterfaceOrientationLandscapeLeft UIInterfaceOrientationLandscapeRight";
				INFOPLIST_KEY_UISupportedInterfaceOrientations_iPhone = "UIInterfaceOrientationPortrait UIInterfaceOrientationLandscapeLeft UIInterfaceOrientationLandscapeRight";
				LD_RUNPATH_SEARCH_PATHS = (
					"$(inherited)",
					"@executable_path/Frameworks",
				);
				MARKETING_VERSION = 1.0;
				PRODUCT_BUNDLE_IDENTIFIER = com.aepryus.Oovium;
				PRODUCT_NAME = "$(TARGET_NAME)";
				SUPPORTS_MACCATALYST = YES;
				SWIFT_EMIT_LOC_STRINGS = YES;
				SWIFT_VERSION = 5.0;
				TARGETED_DEVICE_FAMILY = "1,2,6";
			};
			name = Debug;
		};
		D8CC68A827D64EB500D25FF1 /* Release */ = {
			isa = XCBuildConfiguration;
			buildSettings = {
				ASSETCATALOG_COMPILER_APPICON_NAME = AppIcon;
				ASSETCATALOG_COMPILER_GLOBAL_ACCENT_COLOR_NAME = AccentColor;
				CODE_SIGN_ENTITLEMENTS = Oovium/Resources/Oovium.entitlements;
				CODE_SIGN_STYLE = Automatic;
				CURRENT_PROJECT_VERSION = 1;
				DEVELOPMENT_TEAM = Z6PFG8RC6V;
				GENERATE_INFOPLIST_FILE = YES;
				INFOPLIST_FILE = Oovium/Info.plist;
				INFOPLIST_KEY_UIApplicationSupportsIndirectInputEvents = YES;
				INFOPLIST_KEY_UILaunchStoryboardName = LaunchScreen;
				INFOPLIST_KEY_UISupportedInterfaceOrientations_iPad = "UIInterfaceOrientationPortrait UIInterfaceOrientationPortraitUpsideDown UIInterfaceOrientationLandscapeLeft UIInterfaceOrientationLandscapeRight";
				INFOPLIST_KEY_UISupportedInterfaceOrientations_iPhone = "UIInterfaceOrientationPortrait UIInterfaceOrientationLandscapeLeft UIInterfaceOrientationLandscapeRight";
				LD_RUNPATH_SEARCH_PATHS = (
					"$(inherited)",
					"@executable_path/Frameworks",
				);
				MARKETING_VERSION = 1.0;
				PRODUCT_BUNDLE_IDENTIFIER = com.aepryus.Oovium;
				PRODUCT_NAME = "$(TARGET_NAME)";
				SUPPORTS_MACCATALYST = YES;
				SWIFT_EMIT_LOC_STRINGS = YES;
				SWIFT_VERSION = 5.0;
				TARGETED_DEVICE_FAMILY = "1,2,6";
			};
			name = Release;
		};
/* End XCBuildConfiguration section */

/* Begin XCConfigurationList section */
		D8CC688D27D64EB500D25FF1 /* Build configuration list for PBXProject "Oovium" */ = {
			isa = XCConfigurationList;
			buildConfigurations = (
				D8CC68A427D64EB500D25FF1 /* Debug */,
				D8CC68A527D64EB500D25FF1 /* Release */,
			);
			defaultConfigurationIsVisible = 0;
			defaultConfigurationName = Release;
		};
		D8CC68A627D64EB500D25FF1 /* Build configuration list for PBXNativeTarget "Oovium" */ = {
			isa = XCConfigurationList;
			buildConfigurations = (
				D8CC68A727D64EB500D25FF1 /* Debug */,
				D8CC68A827D64EB500D25FF1 /* Release */,
			);
			defaultConfigurationIsVisible = 0;
			defaultConfigurationName = Release;
		};
/* End XCConfigurationList section */

/* Begin XCRemoteSwiftPackageReference section */
		D8CC68AF27D6506600D25FF1 /* XCRemoteSwiftPackageReference "OoviumKit" */ = {
			isa = XCRemoteSwiftPackageReference;
			repositoryURL = "https://github.com/aepryus/OoviumKit";
			requirement = {
				branch = master;
				kind = branch;
			};
		};
/* End XCRemoteSwiftPackageReference section */

/* Begin XCSwiftPackageProductDependency section */
		D8CC68B027D6506600D25FF1 /* OoviumKit */ = {
			isa = XCSwiftPackageProductDependency;
			package = D8CC68AF27D6506600D25FF1 /* XCRemoteSwiftPackageReference "OoviumKit" */;
			productName = OoviumKit;
		};
/* End XCSwiftPackageProductDependency section */
	};
	rootObject = D8CC688A27D64EB500D25FF1 /* Project object */;
}
