// !$*UTF8*$!
{
	archiveVersion = 1;
	classes = {
	};
	objectVersion = 55;
	objects = {

/* Begin PBXBuildFile section */
		D83D48B927D8E1240078C828 /* NUXBubble.swift in Sources */ = {isa = PBXBuildFile; fileRef = D83D48B627D8E1240078C828 /* NUXBubble.swift */; };
		D83D48BA27D8E1240078C828 /* NUXView.swift in Sources */ = {isa = PBXBuildFile; fileRef = D83D48B727D8E1240078C828 /* NUXView.swift */; };
		D83D48BB27D8E1240078C828 /* NUXPageView.swift in Sources */ = {isa = PBXBuildFile; fileRef = D83D48B827D8E1240078C828 /* NUXPageView.swift */; };
		D83D48BD27D8E12F0078C828 /* Initiation.swift in Sources */ = {isa = PBXBuildFile; fileRef = D83D48BC27D8E12F0078C828 /* Initiation.swift */; };
		D83D48C527D8E1540078C828 /* BlankState.swift in Sources */ = {isa = PBXBuildFile; fileRef = D83D48BF27D8E1540078C828 /* BlankState.swift */; };
		D83D48C627D8E1540078C828 /* SubscribeButton.swift in Sources */ = {isa = PBXBuildFile; fileRef = D83D48C027D8E1540078C828 /* SubscribeButton.swift */; };
		D83D48C727D8E1540078C828 /* OfflineState.swift in Sources */ = {isa = PBXBuildFile; fileRef = D83D48C127D8E1540078C828 /* OfflineState.swift */; };
		D83D48C827D8E1540078C828 /* SignUpState.swift in Sources */ = {isa = PBXBuildFile; fileRef = D83D48C227D8E1540078C828 /* SignUpState.swift */; };
		D83D48C927D8E1540078C828 /* OoviumState.swift in Sources */ = {isa = PBXBuildFile; fileRef = D83D48C327D8E1540078C828 /* OoviumState.swift */; };
		D83D48CA27D8E1540078C828 /* SubscribeState.swift in Sources */ = {isa = PBXBuildFile; fileRef = D83D48C427D8E1540078C828 /* SubscribeState.swift */; };
		D83D48D227D8E5230078C828 /* LinksMenu.swift in Sources */ = {isa = PBXBuildFile; fileRef = D83D48CC27D8E5230078C828 /* LinksMenu.swift */; };
		D83D48D327D8E5230078C828 /* AetherMenu.swift in Sources */ = {isa = PBXBuildFile; fileRef = D83D48CD27D8E5230078C828 /* AetherMenu.swift */; };
		D83D48D427D8E5230078C828 /* RedDot.swift in Sources */ = {isa = PBXBuildFile; fileRef = D83D48CE27D8E5230078C828 /* RedDot.swift */; };
		D83D48D527D8E5230078C828 /* KeyPad.swift in Sources */ = {isa = PBXBuildFile; fileRef = D83D48CF27D8E5230078C828 /* KeyPad.swift */; };
		D83D48D627D8E5230078C828 /* RootMenu.swift in Sources */ = {isa = PBXBuildFile; fileRef = D83D48D027D8E5230078C828 /* RootMenu.swift */; };
		D83D48D727D8E5230078C828 /* HelpMenu.swift in Sources */ = {isa = PBXBuildFile; fileRef = D83D48D127D8E5230078C828 /* HelpMenu.swift */; };
		D83D48E027D8E5DA0078C828 /* ArticlesView.swift in Sources */ = {isa = PBXBuildFile; fileRef = D83D48D927D8E5D90078C828 /* ArticlesView.swift */; };
		D83D48E127D8E5DA0078C828 /* PathView.swift in Sources */ = {isa = PBXBuildFile; fileRef = D83D48DA27D8E5D90078C828 /* PathView.swift */; };
		D83D48E227D8E5DA0078C828 /* ArticleCell.swift in Sources */ = {isa = PBXBuildFile; fileRef = D83D48DB27D8E5D90078C828 /* ArticleCell.swift */; };
		D83D48E327D8E5DA0078C828 /* StickyIcon.swift in Sources */ = {isa = PBXBuildFile; fileRef = D83D48DC27D8E5D90078C828 /* StickyIcon.swift */; };
		D83D48E427D8E5DA0078C828 /* ToDoIcon.swift in Sources */ = {isa = PBXBuildFile; fileRef = D83D48DD27D8E5D90078C828 /* ToDoIcon.swift */; };
		D83D48E527D8E5DA0078C828 /* Antechamber.swift in Sources */ = {isa = PBXBuildFile; fileRef = D83D48DE27D8E5DA0078C828 /* Antechamber.swift */; };
		D83D48E627D8E5DA0078C828 /* WhatsNewIcon.swift in Sources */ = {isa = PBXBuildFile; fileRef = D83D48DF27D8E5DA0078C828 /* WhatsNewIcon.swift */; };
		D83D48ED27DA00CE0078C828 /* AboutView.swift in Sources */ = {isa = PBXBuildFile; fileRef = D83D48EC27DA00CE0078C828 /* AboutView.swift */; };
		D83D48EF27DA00E20078C828 /* BackView.swift in Sources */ = {isa = PBXBuildFile; fileRef = D83D48EE27DA00E20078C828 /* BackView.swift */; };
		D83D48F427DA0A5F0078C828 /* OoviumDelegate.swift in Sources */ = {isa = PBXBuildFile; fileRef = D83D48F027DA0A5F0078C828 /* OoviumDelegate.swift */; };
		D83D48F527DA0A5F0078C828 /* OoviumWindow.swift in Sources */ = {isa = PBXBuildFile; fileRef = D83D48F127DA0A5F0078C828 /* OoviumWindow.swift */; };
		D83D48F727DA0A5F0078C828 /* OoviumController.swift in Sources */ = {isa = PBXBuildFile; fileRef = D83D48F327DA0A5F0078C828 /* OoviumController.swift */; };
		D83D48FB27DA0A790078C828 /* BootPond.swift in Sources */ = {isa = PBXBuildFile; fileRef = D83D48F927DA0A790078C828 /* BootPond.swift */; };
		D83D48FC27DA0A790078C828 /* ExitPond.swift in Sources */ = {isa = PBXBuildFile; fileRef = D83D48FA27DA0A790078C828 /* ExitPond.swift */; };
		D83D490627DA0A930078C828 /* Security.swift in Sources */ = {isa = PBXBuildFile; fileRef = D83D48FE27DA0A930078C828 /* Security.swift */; };
		D83D490727DA0A930078C828 /* AppStore.swift in Sources */ = {isa = PBXBuildFile; fileRef = D83D490027DA0A930078C828 /* AppStore.swift */; };
		D83D490827DA0A930078C828 /* iCloud.swift in Sources */ = {isa = PBXBuildFile; fileRef = D83D490127DA0A930078C828 /* iCloud.swift */; };
		D83D490927DA0A930078C828 /* Pequod.swift in Sources */ = {isa = PBXBuildFile; fileRef = D83D490327DA0A930078C828 /* Pequod.swift */; };
		D83D490A27DA0A930078C828 /* Shell.swift in Sources */ = {isa = PBXBuildFile; fileRef = D83D490527DA0A930078C828 /* Shell.swift */; };
		D8B5BB8527DDAB1200D46874 /* Article.swift in Sources */ = {isa = PBXBuildFile; fileRef = D8B5BB8427DDAB1200D46874 /* Article.swift */; };
		D8B5BB8727DDAD0F00D46874 /* OOLabel.swift in Sources */ = {isa = PBXBuildFile; fileRef = D8B5BB8627DDAD0F00D46874 /* OOLabel.swift */; };
		D8B5BB9C27DDD24000D46874 /* Launch Screen.storyboard in Resources */ = {isa = PBXBuildFile; fileRef = D8B5BB9427DDD24000D46874 /* Launch Screen.storyboard */; };
		D8B5BB9D27DDD24000D46874 /* Localizable.strings in Resources */ = {isa = PBXBuildFile; fileRef = D8B5BB9627DDD24000D46874 /* Localizable.strings */; };
		D8B5BB9E27DDD24000D46874 /* Assets.xcassets in Resources */ = {isa = PBXBuildFile; fileRef = D8B5BB9B27DDD24000D46874 /* Assets.xcassets */; };
		D8B5BBAC27DDD2BF00D46874 /* RoadMap.oo in Resources */ = {isa = PBXBuildFile; fileRef = D8B5BBA327DDD2BF00D46874 /* RoadMap.oo */; };
		D8B5BBAD27DDD2BF00D46874 /* Oovium2L.oo in Resources */ = {isa = PBXBuildFile; fileRef = D8B5BBA427DDD2BF00D46874 /* Oovium2L.oo */; };
		D8B5BBAE27DDD2BF00D46874 /* OoviumToDoL.oo in Resources */ = {isa = PBXBuildFile; fileRef = D8B5BBA527DDD2BF00D46874 /* OoviumToDoL.oo */; };
		D8B5BBAF27DDD2BF00D46874 /* OoviumToDoS.oo in Resources */ = {isa = PBXBuildFile; fileRef = D8B5BBA627DDD2BF00D46874 /* OoviumToDoS.oo */; };
		D8B5BBB027DDD2BF00D46874 /* SubscriptionsS.oo in Resources */ = {isa = PBXBuildFile; fileRef = D8B5BBA727DDD2BF00D46874 /* SubscriptionsS.oo */; };
		D8B5BBB127DDD2BF00D46874 /* Oovium2S.oo in Resources */ = {isa = PBXBuildFile; fileRef = D8B5BBA827DDD2BF00D46874 /* Oovium2S.oo */; };
		D8B5BBB227DDD2BF00D46874 /* SubscriptionsL.oo in Resources */ = {isa = PBXBuildFile; fileRef = D8B5BBA927DDD2BF00D46874 /* SubscriptionsL.oo */; };
		D8B5BBB327DDD2BF00D46874 /* AexelsEvolizerS.oo in Resources */ = {isa = PBXBuildFile; fileRef = D8B5BBAA27DDD2BF00D46874 /* AexelsEvolizerS.oo */; };
		D8B5BBB427DDD2BF00D46874 /* AexelsEvolizerL.oo in Resources */ = {isa = PBXBuildFile; fileRef = D8B5BBAB27DDD2BF00D46874 /* AexelsEvolizerL.oo */; };
		D8B5BBBD27DDD2D000D46874 /* NUXSS1.png in Resources */ = {isa = PBXBuildFile; fileRef = D8B5BBB527DDD2D000D46874 /* NUXSS1.png */; };
		D8B5BBBE27DDD2D000D46874 /* NUXSS2.png in Resources */ = {isa = PBXBuildFile; fileRef = D8B5BBB627DDD2D000D46874 /* NUXSS2.png */; };
		D8B5BBBF27DDD2D000D46874 /* NUXSS1s.png in Resources */ = {isa = PBXBuildFile; fileRef = D8B5BBB727DDD2D000D46874 /* NUXSS1s.png */; };
		D8B5BBC027DDD2D000D46874 /* NUXSS4.png in Resources */ = {isa = PBXBuildFile; fileRef = D8B5BBB827DDD2D000D46874 /* NUXSS4.png */; };
		D8B5BBC127DDD2D000D46874 /* NUXSS2s.png in Resources */ = {isa = PBXBuildFile; fileRef = D8B5BBB927DDD2D000D46874 /* NUXSS2s.png */; };
		D8B5BBC227DDD2D000D46874 /* NUXSS3.png in Resources */ = {isa = PBXBuildFile; fileRef = D8B5BBBA27DDD2D000D46874 /* NUXSS3.png */; };
		D8B5BBC327DDD2D000D46874 /* NUXSS3s.png in Resources */ = {isa = PBXBuildFile; fileRef = D8B5BBBB27DDD2D000D46874 /* NUXSS3s.png */; };
		D8B5BBC427DDD2D000D46874 /* NUXSS4s.png in Resources */ = {isa = PBXBuildFile; fileRef = D8B5BBBC27DDD2D000D46874 /* NUXSS4s.png */; };
		D8B5BBCE27DDD2DC00D46874 /* Burn812@2x.png in Resources */ = {isa = PBXBuildFile; fileRef = D8B5BBC527DDD2DB00D46874 /* Burn812@2x.png */; };
		D8B5BBCF27DDD2DC00D46874 /* Burn1366@2x.png in Resources */ = {isa = PBXBuildFile; fileRef = D8B5BBC627DDD2DB00D46874 /* Burn1366@2x.png */; };
		D8B5BBD027DDD2DC00D46874 /* Burn1112@2x.png in Resources */ = {isa = PBXBuildFile; fileRef = D8B5BBC727DDD2DB00D46874 /* Burn1112@2x.png */; };
		D8B5BBD127DDD2DC00D46874 /* Burn568@2x.png in Resources */ = {isa = PBXBuildFile; fileRef = D8B5BBC827DDD2DB00D46874 /* Burn568@2x.png */; };
		D8B5BBD227DDD2DC00D46874 /* BurnMac.png in Resources */ = {isa = PBXBuildFile; fileRef = D8B5BBC927DDD2DC00D46874 /* BurnMac.png */; };
		D8B5BBD327DDD2DC00D46874 /* Burn1024@2x.png in Resources */ = {isa = PBXBuildFile; fileRef = D8B5BBCA27DDD2DC00D46874 /* Burn1024@2x.png */; };
		D8B5BBD427DDD2DC00D46874 /* Burn736@3x.png in Resources */ = {isa = PBXBuildFile; fileRef = D8B5BBCB27DDD2DC00D46874 /* Burn736@3x.png */; };
		D8B5BBD527DDD2DC00D46874 /* Burn1194@2x.png in Resources */ = {isa = PBXBuildFile; fileRef = D8B5BBCC27DDD2DC00D46874 /* Burn1194@2x.png */; };
		D8B5BBD627DDD2DC00D46874 /* Burn667@2x.png in Resources */ = {isa = PBXBuildFile; fileRef = D8B5BBCD27DDD2DC00D46874 /* Burn667@2x.png */; };
		D8CB87E628B3463800048F9E /* Burn844@2x.png in Resources */ = {isa = PBXBuildFile; fileRef = D8CB87E528B3463800048F9E /* Burn844@2x.png */; };
		D8CC68AD27D64F3500D25FF1 /* Oovium.swift in Sources */ = {isa = PBXBuildFile; fileRef = D8CC68AC27D64F3500D25FF1 /* Oovium.swift */; };
		D8CC68B127D6506600D25FF1 /* OoviumKit in Frameworks */ = {isa = PBXBuildFile; productRef = D8CC68B027D6506600D25FF1 /* OoviumKit */; };
/* End PBXBuildFile section */

/* Begin PBXFileReference section */
		D832029428B6B5DE00164F19 /* Info.plist */ = {isa = PBXFileReference; lastKnownFileType = text.plist; name = Info.plist; path = Oovium/Info.plist; sourceTree = SOURCE_ROOT; };
		D83D48B627D8E1240078C828 /* NUXBubble.swift */ = {isa = PBXFileReference; fileEncoding = 4; lastKnownFileType = sourcecode.swift; path = NUXBubble.swift; sourceTree = "<group>"; };
		D83D48B727D8E1240078C828 /* NUXView.swift */ = {isa = PBXFileReference; fileEncoding = 4; lastKnownFileType = sourcecode.swift; path = NUXView.swift; sourceTree = "<group>"; };
		D83D48B827D8E1240078C828 /* NUXPageView.swift */ = {isa = PBXFileReference; fileEncoding = 4; lastKnownFileType = sourcecode.swift; path = NUXPageView.swift; sourceTree = "<group>"; };
		D83D48BC27D8E12F0078C828 /* Initiation.swift */ = {isa = PBXFileReference; fileEncoding = 4; lastKnownFileType = sourcecode.swift; path = Initiation.swift; sourceTree = "<group>"; };
		D83D48BF27D8E1540078C828 /* BlankState.swift */ = {isa = PBXFileReference; fileEncoding = 4; lastKnownFileType = sourcecode.swift; path = BlankState.swift; sourceTree = "<group>"; };
		D83D48C027D8E1540078C828 /* SubscribeButton.swift */ = {isa = PBXFileReference; fileEncoding = 4; lastKnownFileType = sourcecode.swift; path = SubscribeButton.swift; sourceTree = "<group>"; };
		D83D48C127D8E1540078C828 /* OfflineState.swift */ = {isa = PBXFileReference; fileEncoding = 4; lastKnownFileType = sourcecode.swift; path = OfflineState.swift; sourceTree = "<group>"; };
		D83D48C227D8E1540078C828 /* SignUpState.swift */ = {isa = PBXFileReference; fileEncoding = 4; lastKnownFileType = sourcecode.swift; path = SignUpState.swift; sourceTree = "<group>"; };
		D83D48C327D8E1540078C828 /* OoviumState.swift */ = {isa = PBXFileReference; fileEncoding = 4; lastKnownFileType = sourcecode.swift; path = OoviumState.swift; sourceTree = "<group>"; };
		D83D48C427D8E1540078C828 /* SubscribeState.swift */ = {isa = PBXFileReference; fileEncoding = 4; lastKnownFileType = sourcecode.swift; path = SubscribeState.swift; sourceTree = "<group>"; };
		D83D48CC27D8E5230078C828 /* LinksMenu.swift */ = {isa = PBXFileReference; fileEncoding = 4; lastKnownFileType = sourcecode.swift; path = LinksMenu.swift; sourceTree = "<group>"; };
		D83D48CD27D8E5230078C828 /* AetherMenu.swift */ = {isa = PBXFileReference; fileEncoding = 4; lastKnownFileType = sourcecode.swift; path = AetherMenu.swift; sourceTree = "<group>"; };
		D83D48CE27D8E5230078C828 /* RedDot.swift */ = {isa = PBXFileReference; fileEncoding = 4; lastKnownFileType = sourcecode.swift; path = RedDot.swift; sourceTree = "<group>"; };
		D83D48CF27D8E5230078C828 /* KeyPad.swift */ = {isa = PBXFileReference; fileEncoding = 4; lastKnownFileType = sourcecode.swift; path = KeyPad.swift; sourceTree = "<group>"; };
		D83D48D027D8E5230078C828 /* RootMenu.swift */ = {isa = PBXFileReference; fileEncoding = 4; lastKnownFileType = sourcecode.swift; path = RootMenu.swift; sourceTree = "<group>"; };
		D83D48D127D8E5230078C828 /* HelpMenu.swift */ = {isa = PBXFileReference; fileEncoding = 4; lastKnownFileType = sourcecode.swift; path = HelpMenu.swift; sourceTree = "<group>"; };
		D83D48D927D8E5D90078C828 /* ArticlesView.swift */ = {isa = PBXFileReference; fileEncoding = 4; lastKnownFileType = sourcecode.swift; path = ArticlesView.swift; sourceTree = "<group>"; };
		D83D48DA27D8E5D90078C828 /* PathView.swift */ = {isa = PBXFileReference; fileEncoding = 4; lastKnownFileType = sourcecode.swift; path = PathView.swift; sourceTree = "<group>"; };
		D83D48DB27D8E5D90078C828 /* ArticleCell.swift */ = {isa = PBXFileReference; fileEncoding = 4; lastKnownFileType = sourcecode.swift; path = ArticleCell.swift; sourceTree = "<group>"; };
		D83D48DC27D8E5D90078C828 /* StickyIcon.swift */ = {isa = PBXFileReference; fileEncoding = 4; lastKnownFileType = sourcecode.swift; path = StickyIcon.swift; sourceTree = "<group>"; };
		D83D48DD27D8E5D90078C828 /* ToDoIcon.swift */ = {isa = PBXFileReference; fileEncoding = 4; lastKnownFileType = sourcecode.swift; path = ToDoIcon.swift; sourceTree = "<group>"; };
		D83D48DE27D8E5DA0078C828 /* Antechamber.swift */ = {isa = PBXFileReference; fileEncoding = 4; lastKnownFileType = sourcecode.swift; path = Antechamber.swift; sourceTree = "<group>"; };
		D83D48DF27D8E5DA0078C828 /* WhatsNewIcon.swift */ = {isa = PBXFileReference; fileEncoding = 4; lastKnownFileType = sourcecode.swift; path = WhatsNewIcon.swift; sourceTree = "<group>"; };
		D83D48EC27DA00CE0078C828 /* AboutView.swift */ = {isa = PBXFileReference; lastKnownFileType = sourcecode.swift; path = AboutView.swift; sourceTree = "<group>"; };
		D83D48EE27DA00E20078C828 /* BackView.swift */ = {isa = PBXFileReference; lastKnownFileType = sourcecode.swift; path = BackView.swift; sourceTree = "<group>"; };
		D83D48F027DA0A5F0078C828 /* OoviumDelegate.swift */ = {isa = PBXFileReference; fileEncoding = 4; lastKnownFileType = sourcecode.swift; path = OoviumDelegate.swift; sourceTree = "<group>"; };
		D83D48F127DA0A5F0078C828 /* OoviumWindow.swift */ = {isa = PBXFileReference; fileEncoding = 4; lastKnownFileType = sourcecode.swift; path = OoviumWindow.swift; sourceTree = "<group>"; };
		D83D48F327DA0A5F0078C828 /* OoviumController.swift */ = {isa = PBXFileReference; fileEncoding = 4; lastKnownFileType = sourcecode.swift; path = OoviumController.swift; sourceTree = "<group>"; };
		D83D48F927DA0A790078C828 /* BootPond.swift */ = {isa = PBXFileReference; fileEncoding = 4; lastKnownFileType = sourcecode.swift; path = BootPond.swift; sourceTree = "<group>"; };
		D83D48FA27DA0A790078C828 /* ExitPond.swift */ = {isa = PBXFileReference; fileEncoding = 4; lastKnownFileType = sourcecode.swift; path = ExitPond.swift; sourceTree = "<group>"; };
		D83D48FE27DA0A930078C828 /* Security.swift */ = {isa = PBXFileReference; fileEncoding = 4; lastKnownFileType = sourcecode.swift; path = Security.swift; sourceTree = "<group>"; };
		D83D490027DA0A930078C828 /* AppStore.swift */ = {isa = PBXFileReference; fileEncoding = 4; lastKnownFileType = sourcecode.swift; path = AppStore.swift; sourceTree = "<group>"; };
		D83D490127DA0A930078C828 /* iCloud.swift */ = {isa = PBXFileReference; fileEncoding = 4; lastKnownFileType = sourcecode.swift; path = iCloud.swift; sourceTree = "<group>"; };
		D83D490327DA0A930078C828 /* Pequod.swift */ = {isa = PBXFileReference; fileEncoding = 4; lastKnownFileType = sourcecode.swift; path = Pequod.swift; sourceTree = "<group>"; };
		D83D490527DA0A930078C828 /* Shell.swift */ = {isa = PBXFileReference; fileEncoding = 4; lastKnownFileType = sourcecode.swift; path = Shell.swift; sourceTree = "<group>"; };
		D8B5BB8427DDAB1200D46874 /* Article.swift */ = {isa = PBXFileReference; lastKnownFileType = sourcecode.swift; path = Article.swift; sourceTree = "<group>"; };
		D8B5BB8627DDAD0F00D46874 /* OOLabel.swift */ = {isa = PBXFileReference; fileEncoding = 4; lastKnownFileType = sourcecode.swift; path = OOLabel.swift; sourceTree = "<group>"; };
		D8B5BB9427DDD24000D46874 /* Launch Screen.storyboard */ = {isa = PBXFileReference; fileEncoding = 4; lastKnownFileType = file.storyboard; path = "Launch Screen.storyboard"; sourceTree = "<group>"; };
		D8B5BB9727DDD24000D46874 /* de */ = {isa = PBXFileReference; lastKnownFileType = text.plist.strings; name = de; path = de.lproj/Localizable.strings; sourceTree = "<group>"; };
		D8B5BB9827DDD24000D46874 /* ja */ = {isa = PBXFileReference; lastKnownFileType = text.plist.strings; name = ja; path = ja.lproj/Localizable.strings; sourceTree = "<group>"; };
		D8B5BB9927DDD24000D46874 /* en */ = {isa = PBXFileReference; lastKnownFileType = text.plist.strings; name = en; path = en.lproj/Localizable.strings; sourceTree = "<group>"; };
		D8B5BB9A27DDD24000D46874 /* Base */ = {isa = PBXFileReference; lastKnownFileType = text.plist.strings; name = Base; path = Base.lproj/Localizable.strings; sourceTree = "<group>"; };
		D8B5BB9B27DDD24000D46874 /* Assets.xcassets */ = {isa = PBXFileReference; lastKnownFileType = folder.assetcatalog; path = Assets.xcassets; sourceTree = "<group>"; };
		D8B5BBA327DDD2BF00D46874 /* RoadMap.oo */ = {isa = PBXFileReference; fileEncoding = 4; lastKnownFileType = text; path = RoadMap.oo; sourceTree = "<group>"; };
		D8B5BBA427DDD2BF00D46874 /* Oovium2L.oo */ = {isa = PBXFileReference; fileEncoding = 4; lastKnownFileType = text; path = Oovium2L.oo; sourceTree = "<group>"; };
		D8B5BBA527DDD2BF00D46874 /* OoviumToDoL.oo */ = {isa = PBXFileReference; fileEncoding = 4; lastKnownFileType = text; path = OoviumToDoL.oo; sourceTree = "<group>"; };
		D8B5BBA627DDD2BF00D46874 /* OoviumToDoS.oo */ = {isa = PBXFileReference; fileEncoding = 4; lastKnownFileType = text; path = OoviumToDoS.oo; sourceTree = "<group>"; };
		D8B5BBA727DDD2BF00D46874 /* SubscriptionsS.oo */ = {isa = PBXFileReference; fileEncoding = 4; lastKnownFileType = text; path = SubscriptionsS.oo; sourceTree = "<group>"; };
		D8B5BBA827DDD2BF00D46874 /* Oovium2S.oo */ = {isa = PBXFileReference; fileEncoding = 4; lastKnownFileType = text; path = Oovium2S.oo; sourceTree = "<group>"; };
		D8B5BBA927DDD2BF00D46874 /* SubscriptionsL.oo */ = {isa = PBXFileReference; fileEncoding = 4; lastKnownFileType = text; path = SubscriptionsL.oo; sourceTree = "<group>"; };
		D8B5BBAA27DDD2BF00D46874 /* AexelsEvolizerS.oo */ = {isa = PBXFileReference; fileEncoding = 4; lastKnownFileType = text; path = AexelsEvolizerS.oo; sourceTree = "<group>"; };
		D8B5BBAB27DDD2BF00D46874 /* AexelsEvolizerL.oo */ = {isa = PBXFileReference; fileEncoding = 4; lastKnownFileType = text; path = AexelsEvolizerL.oo; sourceTree = "<group>"; };
		D8B5BBB527DDD2D000D46874 /* NUXSS1.png */ = {isa = PBXFileReference; lastKnownFileType = image.png; path = NUXSS1.png; sourceTree = "<group>"; };
		D8B5BBB627DDD2D000D46874 /* NUXSS2.png */ = {isa = PBXFileReference; lastKnownFileType = image.png; path = NUXSS2.png; sourceTree = "<group>"; };
		D8B5BBB727DDD2D000D46874 /* NUXSS1s.png */ = {isa = PBXFileReference; lastKnownFileType = image.png; path = NUXSS1s.png; sourceTree = "<group>"; };
		D8B5BBB827DDD2D000D46874 /* NUXSS4.png */ = {isa = PBXFileReference; lastKnownFileType = image.png; path = NUXSS4.png; sourceTree = "<group>"; };
		D8B5BBB927DDD2D000D46874 /* NUXSS2s.png */ = {isa = PBXFileReference; lastKnownFileType = image.png; path = NUXSS2s.png; sourceTree = "<group>"; };
		D8B5BBBA27DDD2D000D46874 /* NUXSS3.png */ = {isa = PBXFileReference; lastKnownFileType = image.png; path = NUXSS3.png; sourceTree = "<group>"; };
		D8B5BBBB27DDD2D000D46874 /* NUXSS3s.png */ = {isa = PBXFileReference; lastKnownFileType = image.png; path = NUXSS3s.png; sourceTree = "<group>"; };
		D8B5BBBC27DDD2D000D46874 /* NUXSS4s.png */ = {isa = PBXFileReference; lastKnownFileType = image.png; path = NUXSS4s.png; sourceTree = "<group>"; };
		D8B5BBC527DDD2DB00D46874 /* Burn812@2x.png */ = {isa = PBXFileReference; lastKnownFileType = image.png; path = "Burn812@2x.png"; sourceTree = "<group>"; };
		D8B5BBC627DDD2DB00D46874 /* Burn1366@2x.png */ = {isa = PBXFileReference; lastKnownFileType = image.png; path = "Burn1366@2x.png"; sourceTree = "<group>"; };
		D8B5BBC727DDD2DB00D46874 /* Burn1112@2x.png */ = {isa = PBXFileReference; lastKnownFileType = image.png; path = "Burn1112@2x.png"; sourceTree = "<group>"; };
		D8B5BBC827DDD2DB00D46874 /* Burn568@2x.png */ = {isa = PBXFileReference; lastKnownFileType = image.png; path = "Burn568@2x.png"; sourceTree = "<group>"; };
		D8B5BBC927DDD2DC00D46874 /* BurnMac.png */ = {isa = PBXFileReference; lastKnownFileType = image.png; path = BurnMac.png; sourceTree = "<group>"; };
		D8B5BBCA27DDD2DC00D46874 /* Burn1024@2x.png */ = {isa = PBXFileReference; lastKnownFileType = image.png; path = "Burn1024@2x.png"; sourceTree = "<group>"; };
		D8B5BBCB27DDD2DC00D46874 /* Burn736@3x.png */ = {isa = PBXFileReference; lastKnownFileType = image.png; path = "Burn736@3x.png"; sourceTree = "<group>"; };
		D8B5BBCC27DDD2DC00D46874 /* Burn1194@2x.png */ = {isa = PBXFileReference; lastKnownFileType = image.png; path = "Burn1194@2x.png"; sourceTree = "<group>"; };
		D8B5BBCD27DDD2DC00D46874 /* Burn667@2x.png */ = {isa = PBXFileReference; lastKnownFileType = image.png; path = "Burn667@2x.png"; sourceTree = "<group>"; };
		D8CB87E528B3463800048F9E /* Burn844@2x.png */ = {isa = PBXFileReference; lastKnownFileType = image.png; path = "Burn844@2x.png"; sourceTree = "<group>"; };
		D8CC689227D64EB500D25FF1 /* Oovium.app */ = {isa = PBXFileReference; explicitFileType = wrapper.application; includeInIndex = 0; path = Oovium.app; sourceTree = BUILT_PRODUCTS_DIR; };
		D8CC68AC27D64F3500D25FF1 /* Oovium.swift */ = {isa = PBXFileReference; lastKnownFileType = sourcecode.swift; path = Oovium.swift; sourceTree = "<group>"; };
/* End PBXFileReference section */

/* Begin PBXFrameworksBuildPhase section */
		D8CC688F27D64EB500D25FF1 /* Frameworks */ = {
			isa = PBXFrameworksBuildPhase;
			buildActionMask = 2147483647;
			files = (
				D8CC68B127D6506600D25FF1 /* OoviumKit in Frameworks */,
			);
			runOnlyForDeploymentPostprocessing = 0;
		};
/* End PBXFrameworksBuildPhase section */

/* Begin PBXGroup section */
		D83D48B427D8E0DD0078C828 /* NUX */ = {
			isa = PBXGroup;
			children = (
				D83D48B627D8E1240078C828 /* NUXBubble.swift */,
				D83D48B827D8E1240078C828 /* NUXPageView.swift */,
				D83D48B727D8E1240078C828 /* NUXView.swift */,
			);
			path = NUX;
			sourceTree = "<group>";
		};
		D83D48B527D8E1060078C828 /* Initiation */ = {
			isa = PBXGroup;
			children = (
				D83D48BE27D8E13B0078C828 /* States */,
				D83D48BC27D8E12F0078C828 /* Initiation.swift */,
			);
			path = Initiation;
			sourceTree = "<group>";
		};
		D83D48BE27D8E13B0078C828 /* States */ = {
			isa = PBXGroup;
			children = (
				D83D48BF27D8E1540078C828 /* BlankState.swift */,
				D83D48C127D8E1540078C828 /* OfflineState.swift */,
				D83D48C327D8E1540078C828 /* OoviumState.swift */,
				D83D48C227D8E1540078C828 /* SignUpState.swift */,
				D83D48C027D8E1540078C828 /* SubscribeButton.swift */,
				D83D48C427D8E1540078C828 /* SubscribeState.swift */,
			);
			path = States;
			sourceTree = "<group>";
		};
		D83D48CB27D8E4EF0078C828 /* Menu */ = {
			isa = PBXGroup;
			children = (
				D83D48CD27D8E5230078C828 /* AetherMenu.swift */,
				D83D48D127D8E5230078C828 /* HelpMenu.swift */,
				D83D48CF27D8E5230078C828 /* KeyPad.swift */,
				D83D48CC27D8E5230078C828 /* LinksMenu.swift */,
				D83D48CE27D8E5230078C828 /* RedDot.swift */,
				D83D48D027D8E5230078C828 /* RootMenu.swift */,
			);
			path = Menu;
			sourceTree = "<group>";
		};
		D83D48D827D8E5B00078C828 /* Antechamber */ = {
			isa = PBXGroup;
			children = (
				D83D48DE27D8E5DA0078C828 /* Antechamber.swift */,
				D83D48DB27D8E5D90078C828 /* ArticleCell.swift */,
				D83D48D927D8E5D90078C828 /* ArticlesView.swift */,
				D83D48DA27D8E5D90078C828 /* PathView.swift */,
				D83D48DC27D8E5D90078C828 /* StickyIcon.swift */,
				D83D48DD27D8E5D90078C828 /* ToDoIcon.swift */,
				D83D48DF27D8E5DA0078C828 /* WhatsNewIcon.swift */,
			);
			path = Antechamber;
			sourceTree = "<group>";
		};
		D83D48EB27DA00BA0078C828 /* Other */ = {
			isa = PBXGroup;
			children = (
				D83D48EC27DA00CE0078C828 /* AboutView.swift */,
				D83D48EE27DA00E20078C828 /* BackView.swift */,
				D8B5BB8627DDAD0F00D46874 /* OOLabel.swift */,
			);
			path = Other;
			sourceTree = "<group>";
		};
		D83D48F827DA0A790078C828 /* Ponds */ = {
			isa = PBXGroup;
			children = (
				D83D48F927DA0A790078C828 /* BootPond.swift */,
				D83D48FA27DA0A790078C828 /* ExitPond.swift */,
			);
			path = Ponds;
			sourceTree = "<group>";
		};
		D83D48FD27DA0A930078C828 /* Utility */ = {
			isa = PBXGroup;
			children = (
				D83D48FE27DA0A930078C828 /* Security.swift */,
				D8B5BB8427DDAB1200D46874 /* Article.swift */,
			);
			path = Utility;
			sourceTree = "<group>";
		};
		D83D48FF27DA0A930078C828 /* Wrappers */ = {
			isa = PBXGroup;
			children = (
				D83D490027DA0A930078C828 /* AppStore.swift */,
				D83D490127DA0A930078C828 /* iCloud.swift */,
			);
			path = Wrappers;
			sourceTree = "<group>";
		};
		D83D490227DA0A930078C828 /* Pequod */ = {
			isa = PBXGroup;
			children = (
				D83D490327DA0A930078C828 /* Pequod.swift */,
				D83D490427DA0A930078C828 /* Domain */,
			);
			path = Pequod;
			sourceTree = "<group>";
		};
		D83D490427DA0A930078C828 /* Domain */ = {
			isa = PBXGroup;
			children = (
				D83D490527DA0A930078C828 /* Shell.swift */,
			);
			path = Domain;
			sourceTree = "<group>";
		};
		D8B5BB8E27DDD1BD00D46874 /* Resources */ = {
			isa = PBXGroup;
			children = (
				D8B5BB9027DDD1F700D46874 /* Burn */,
				D8B5BB9127DDD1FF00D46874 /* NUX */,
				D8B5BB9227DDD20600D46874 /* Aethers */,
				D8B5BB9B27DDD24000D46874 /* Assets.xcassets */,
				D8B5BB9627DDD24000D46874 /* Localizable.strings */,
				D8B5BB9427DDD24000D46874 /* Launch Screen.storyboard */,
				D832029428B6B5DE00164F19 /* Info.plist */,
			);
			path = Resources;
			sourceTree = "<group>";
		};
		D8B5BB9027DDD1F700D46874 /* Burn */ = {
			isa = PBXGroup;
			children = (
				D8B5BBC827DDD2DB00D46874 /* Burn568@2x.png */,
				D8B5BBCD27DDD2DC00D46874 /* Burn667@2x.png */,
				D8B5BBCB27DDD2DC00D46874 /* Burn736@3x.png */,
				D8B5BBC527DDD2DB00D46874 /* Burn812@2x.png */,
				D8CB87E528B3463800048F9E /* Burn844@2x.png */,
				D8B5BBCA27DDD2DC00D46874 /* Burn1024@2x.png */,
				D8B5BBC727DDD2DB00D46874 /* Burn1112@2x.png */,
				D8B5BBCC27DDD2DC00D46874 /* Burn1194@2x.png */,
				D8B5BBC627DDD2DB00D46874 /* Burn1366@2x.png */,
				D8B5BBC927DDD2DC00D46874 /* BurnMac.png */,
			);
			path = Burn;
			sourceTree = "<group>";
		};
		D8B5BB9127DDD1FF00D46874 /* NUX */ = {
			isa = PBXGroup;
			children = (
				D8B5BBB527DDD2D000D46874 /* NUXSS1.png */,
				D8B5BBB727DDD2D000D46874 /* NUXSS1s.png */,
				D8B5BBB627DDD2D000D46874 /* NUXSS2.png */,
				D8B5BBB927DDD2D000D46874 /* NUXSS2s.png */,
				D8B5BBBA27DDD2D000D46874 /* NUXSS3.png */,
				D8B5BBBB27DDD2D000D46874 /* NUXSS3s.png */,
				D8B5BBB827DDD2D000D46874 /* NUXSS4.png */,
				D8B5BBBC27DDD2D000D46874 /* NUXSS4s.png */,
			);
			path = NUX;
			sourceTree = "<group>";
		};
		D8B5BB9227DDD20600D46874 /* Aethers */ = {
			isa = PBXGroup;
			children = (
				D8B5BBAB27DDD2BF00D46874 /* AexelsEvolizerL.oo */,
				D8B5BBAA27DDD2BF00D46874 /* AexelsEvolizerS.oo */,
				D8B5BBA427DDD2BF00D46874 /* Oovium2L.oo */,
				D8B5BBA827DDD2BF00D46874 /* Oovium2S.oo */,
				D8B5BBA527DDD2BF00D46874 /* OoviumToDoL.oo */,
				D8B5BBA627DDD2BF00D46874 /* OoviumToDoS.oo */,
				D8B5BBA327DDD2BF00D46874 /* RoadMap.oo */,
				D8B5BBA927DDD2BF00D46874 /* SubscriptionsL.oo */,
				D8B5BBA727DDD2BF00D46874 /* SubscriptionsS.oo */,
			);
			path = Aethers;
			sourceTree = "<group>";
		};
		D8CC688927D64EB500D25FF1 = {
			isa = PBXGroup;
			children = (
				D8CC689427D64EB500D25FF1 /* Oovium */,
				D8B5BB8E27DDD1BD00D46874 /* Resources */,
				D8CC689327D64EB500D25FF1 /* Products */,
			);
			sourceTree = "<group>";
		};
		D8CC689327D64EB500D25FF1 /* Products */ = {
			isa = PBXGroup;
			children = (
				D8CC689227D64EB500D25FF1 /* Oovium.app */,
			);
			name = Products;
			sourceTree = "<group>";
		};
		D8CC689427D64EB500D25FF1 /* Oovium */ = {
			isa = PBXGroup;
			children = (
				D83D48FF27DA0A930078C828 /* Wrappers */,
				D83D48FD27DA0A930078C828 /* Utility */,
				D83D490227DA0A930078C828 /* Pequod */,
				D8CC68A927D64EE400D25FF1 /* Interface */,
				D8CC68AA27D64EFC00D25FF1 /* Global */,
			);
			path = Oovium;
			sourceTree = "<group>";
		};
		D8CC68A927D64EE400D25FF1 /* Interface */ = {
			isa = PBXGroup;
			children = (
				D83D48EB27DA00BA0078C828 /* Other */,
				D83D48D827D8E5B00078C828 /* Antechamber */,
				D83D48CB27D8E4EF0078C828 /* Menu */,
				D83D48B527D8E1060078C828 /* Initiation */,
				D83D48B427D8E0DD0078C828 /* NUX */,
			);
			path = Interface;
			sourceTree = "<group>";
		};
		D8CC68AA27D64EFC00D25FF1 /* Global */ = {
			isa = PBXGroup;
			children = (
				D83D48F827DA0A790078C828 /* Ponds */,
				D83D48F327DA0A5F0078C828 /* OoviumController.swift */,
				D83D48F027DA0A5F0078C828 /* OoviumDelegate.swift */,
				D83D48F127DA0A5F0078C828 /* OoviumWindow.swift */,
				D8CC68AC27D64F3500D25FF1 /* Oovium.swift */,
			);
			path = Global;
			sourceTree = "<group>";
		};
/* End PBXGroup section */

/* Begin PBXNativeTarget section */
		D8CC689127D64EB500D25FF1 /* Oovium */ = {
			isa = PBXNativeTarget;
			buildConfigurationList = D8CC68A627D64EB500D25FF1 /* Build configuration list for PBXNativeTarget "Oovium" */;
			buildPhases = (
				D8CC688E27D64EB500D25FF1 /* Sources */,
				D8CC688F27D64EB500D25FF1 /* Frameworks */,
				D8CC689027D64EB500D25FF1 /* Resources */,
			);
			buildRules = (
			);
			dependencies = (
			);
			name = Oovium;
			packageProductDependencies = (
				D8CC68B027D6506600D25FF1 /* OoviumKit */,
			);
			productName = Oovium;
			productReference = D8CC689227D64EB500D25FF1 /* Oovium.app */;
			productType = "com.apple.product-type.application";
		};
/* End PBXNativeTarget section */

/* Begin PBXProject section */
		D8CC688A27D64EB500D25FF1 /* Project object */ = {
			isa = PBXProject;
			attributes = {
				BuildIndependentTargetsInParallel = 1;
				CLASSPREFIX = OO;
				LastSwiftUpdateCheck = 1320;
				LastUpgradeCheck = 1340;
				ORGANIZATIONNAME = "Aepryus Software";
				TargetAttributes = {
					D8CC689127D64EB500D25FF1 = {
						CreatedOnToolsVersion = 13.2.1;
					};
				};
			};
			buildConfigurationList = D8CC688D27D64EB500D25FF1 /* Build configuration list for PBXProject "Oovium" */;
			compatibilityVersion = "Xcode 13.0";
			developmentRegion = en;
			hasScannedForEncodings = 0;
			knownRegions = (
				en,
				Base,
				de,
				ja,
			);
			mainGroup = D8CC688927D64EB500D25FF1;
			packageReferences = (
				D8CC68AF27D6506600D25FF1 /* XCRemoteSwiftPackageReference "OoviumKit" */,
			);
			productRefGroup = D8CC689327D64EB500D25FF1 /* Products */;
			projectDirPath = "";
			projectRoot = "";
			targets = (
				D8CC689127D64EB500D25FF1 /* Oovium */,
			);
		};
/* End PBXProject section */

/* Begin PBXResourcesBuildPhase section */
		D8CC689027D64EB500D25FF1 /* Resources */ = {
			isa = PBXResourcesBuildPhase;
			buildActionMask = 2147483647;
			files = (
				D8CB87E628B3463800048F9E /* Burn844@2x.png in Resources */,
				D8B5BBBE27DDD2D000D46874 /* NUXSS2.png in Resources */,
				D8B5BBB427DDD2BF00D46874 /* AexelsEvolizerL.oo in Resources */,
				D8B5BBD227DDD2DC00D46874 /* BurnMac.png in Resources */,
				D8B5BBB127DDD2BF00D46874 /* Oovium2S.oo in Resources */,
				D8B5BBCF27DDD2DC00D46874 /* Burn1366@2x.png in Resources */,
				D8B5BBBD27DDD2D000D46874 /* NUXSS1.png in Resources */,
				D8B5BBD027DDD2DC00D46874 /* Burn1112@2x.png in Resources */,
				D8B5BBB227DDD2BF00D46874 /* SubscriptionsL.oo in Resources */,
				D8B5BBBF27DDD2D000D46874 /* NUXSS1s.png in Resources */,
				D8B5BBCE27DDD2DC00D46874 /* Burn812@2x.png in Resources */,
				D8B5BBB027DDD2BF00D46874 /* SubscriptionsS.oo in Resources */,
				D8B5BBC027DDD2D000D46874 /* NUXSS4.png in Resources */,
				D8B5BBAD27DDD2BF00D46874 /* Oovium2L.oo in Resources */,
				D8B5BBAF27DDD2BF00D46874 /* OoviumToDoS.oo in Resources */,
				D8B5BBC327DDD2D000D46874 /* NUXSS3s.png in Resources */,
				D8B5BBAE27DDD2BF00D46874 /* OoviumToDoL.oo in Resources */,
				D8B5BB9C27DDD24000D46874 /* Launch Screen.storyboard in Resources */,
				D8B5BB9E27DDD24000D46874 /* Assets.xcassets in Resources */,
				D8B5BBAC27DDD2BF00D46874 /* RoadMap.oo in Resources */,
				D8B5BBD627DDD2DC00D46874 /* Burn667@2x.png in Resources */,
				D8B5BBC127DDD2D000D46874 /* NUXSS2s.png in Resources */,
				D8B5BBD327DDD2DC00D46874 /* Burn1024@2x.png in Resources */,
				D8B5BBC427DDD2D000D46874 /* NUXSS4s.png in Resources */,
				D8B5BBD427DDD2DC00D46874 /* Burn736@3x.png in Resources */,
				D8B5BBC227DDD2D000D46874 /* NUXSS3.png in Resources */,
				D8B5BBD527DDD2DC00D46874 /* Burn1194@2x.png in Resources */,
				D8B5BBD127DDD2DC00D46874 /* Burn568@2x.png in Resources */,
				D8B5BBB327DDD2BF00D46874 /* AexelsEvolizerS.oo in Resources */,
				D8B5BB9D27DDD24000D46874 /* Localizable.strings in Resources */,
			);
			runOnlyForDeploymentPostprocessing = 0;
		};
/* End PBXResourcesBuildPhase section */

/* Begin PBXSourcesBuildPhase section */
		D8CC688E27D64EB500D25FF1 /* Sources */ = {
			isa = PBXSourcesBuildPhase;
			buildActionMask = 2147483647;
			files = (
				D83D48C927D8E1540078C828 /* OoviumState.swift in Sources */,
				D83D48D327D8E5230078C828 /* AetherMenu.swift in Sources */,
				D83D48D227D8E5230078C828 /* LinksMenu.swift in Sources */,
				D83D48E327D8E5DA0078C828 /* StickyIcon.swift in Sources */,
				D83D48E627D8E5DA0078C828 /* WhatsNewIcon.swift in Sources */,
				D83D48B927D8E1240078C828 /* NUXBubble.swift in Sources */,
				D8CC68AD27D64F3500D25FF1 /* Oovium.swift in Sources */,
				D83D490A27DA0A930078C828 /* Shell.swift in Sources */,
				D83D48F527DA0A5F0078C828 /* OoviumWindow.swift in Sources */,
				D83D48E127D8E5DA0078C828 /* PathView.swift in Sources */,
				D83D48F427DA0A5F0078C828 /* OoviumDelegate.swift in Sources */,
				D83D48BD27D8E12F0078C828 /* Initiation.swift in Sources */,
				D83D48C527D8E1540078C828 /* BlankState.swift in Sources */,
				D83D48C727D8E1540078C828 /* OfflineState.swift in Sources */,
				D83D48FB27DA0A790078C828 /* BootPond.swift in Sources */,
				D83D48D427D8E5230078C828 /* RedDot.swift in Sources */,
				D83D48EF27DA00E20078C828 /* BackView.swift in Sources */,
				D83D490627DA0A930078C828 /* Security.swift in Sources */,
				D83D48D527D8E5230078C828 /* KeyPad.swift in Sources */,
				D83D48E427D8E5DA0078C828 /* ToDoIcon.swift in Sources */,
				D83D48E227D8E5DA0078C828 /* ArticleCell.swift in Sources */,
				D83D48FC27DA0A790078C828 /* ExitPond.swift in Sources */,
				D83D48E527D8E5DA0078C828 /* Antechamber.swift in Sources */,
				D83D490827DA0A930078C828 /* iCloud.swift in Sources */,
				D83D490927DA0A930078C828 /* Pequod.swift in Sources */,
				D8B5BB8527DDAB1200D46874 /* Article.swift in Sources */,
				D83D48BA27D8E1240078C828 /* NUXView.swift in Sources */,
				D83D48C627D8E1540078C828 /* SubscribeButton.swift in Sources */,
				D83D48F727DA0A5F0078C828 /* OoviumController.swift in Sources */,
				D83D490727DA0A930078C828 /* AppStore.swift in Sources */,
				D83D48CA27D8E1540078C828 /* SubscribeState.swift in Sources */,
				D83D48E027D8E5DA0078C828 /* ArticlesView.swift in Sources */,
				D83D48ED27DA00CE0078C828 /* AboutView.swift in Sources */,
				D83D48D727D8E5230078C828 /* HelpMenu.swift in Sources */,
				D83D48C827D8E1540078C828 /* SignUpState.swift in Sources */,
				D83D48D627D8E5230078C828 /* RootMenu.swift in Sources */,
				D8B5BB8727DDAD0F00D46874 /* OOLabel.swift in Sources */,
				D83D48BB27D8E1240078C828 /* NUXPageView.swift in Sources */,
			);
			runOnlyForDeploymentPostprocessing = 0;
		};
/* End PBXSourcesBuildPhase section */

/* Begin PBXVariantGroup section */
		D8B5BB9627DDD24000D46874 /* Localizable.strings */ = {
			isa = PBXVariantGroup;
			children = (
				D8B5BB9727DDD24000D46874 /* de */,
				D8B5BB9827DDD24000D46874 /* ja */,
				D8B5BB9927DDD24000D46874 /* en */,
				D8B5BB9A27DDD24000D46874 /* Base */,
			);
			name = Localizable.strings;
			sourceTree = "<group>";
		};
/* End PBXVariantGroup section */

/* Begin XCBuildConfiguration section */
		D8CC68A427D64EB500D25FF1 /* Debug */ = {
			isa = XCBuildConfiguration;
			buildSettings = {
				ALWAYS_SEARCH_USER_PATHS = NO;
				CLANG_ANALYZER_LOCALIZABILITY_NONLOCALIZED = YES;
				CLANG_ANALYZER_NONNULL = YES;
				CLANG_ANALYZER_NUMBER_OBJECT_CONVERSION = YES_AGGRESSIVE;
				CLANG_CXX_LANGUAGE_STANDARD = "gnu++17";
				CLANG_CXX_LIBRARY = "libc++";
				CLANG_ENABLE_MODULES = YES;
				CLANG_ENABLE_OBJC_ARC = YES;
				CLANG_ENABLE_OBJC_WEAK = YES;
				CLANG_WARN_BLOCK_CAPTURE_AUTORELEASING = YES;
				CLANG_WARN_BOOL_CONVERSION = YES;
				CLANG_WARN_COMMA = YES;
				CLANG_WARN_CONSTANT_CONVERSION = YES;
				CLANG_WARN_DEPRECATED_OBJC_IMPLEMENTATIONS = YES;
				CLANG_WARN_DIRECT_OBJC_ISA_USAGE = YES_ERROR;
				CLANG_WARN_DOCUMENTATION_COMMENTS = YES;
				CLANG_WARN_EMPTY_BODY = YES;
				CLANG_WARN_ENUM_CONVERSION = YES;
				CLANG_WARN_INFINITE_RECURSION = YES;
				CLANG_WARN_INT_CONVERSION = YES;
				CLANG_WARN_NON_LITERAL_NULL_CONVERSION = YES;
				CLANG_WARN_OBJC_IMPLICIT_RETAIN_SELF = YES;
				CLANG_WARN_OBJC_LITERAL_CONVERSION = YES;
				CLANG_WARN_OBJC_ROOT_CLASS = YES_ERROR;
				CLANG_WARN_QUOTED_INCLUDE_IN_FRAMEWORK_HEADER = YES;
				CLANG_WARN_RANGE_LOOP_ANALYSIS = YES;
				CLANG_WARN_STRICT_PROTOTYPES = YES;
				CLANG_WARN_SUSPICIOUS_MOVE = YES;
				CLANG_WARN_UNGUARDED_AVAILABILITY = YES_AGGRESSIVE;
				CLANG_WARN_UNREACHABLE_CODE = YES;
				CLANG_WARN__DUPLICATE_METHOD_MATCH = YES;
				COPY_PHASE_STRIP = NO;
				DEBUG_INFORMATION_FORMAT = dwarf;
				ENABLE_STRICT_OBJC_MSGSEND = YES;
				ENABLE_TESTABILITY = YES;
				GCC_C_LANGUAGE_STANDARD = gnu11;
				GCC_DYNAMIC_NO_PIC = NO;
				GCC_NO_COMMON_BLOCKS = YES;
				GCC_OPTIMIZATION_LEVEL = 0;
				GCC_PREPROCESSOR_DEFINITIONS = (
					"DEBUG=1",
					"$(inherited)",
				);
				GCC_WARN_64_TO_32_BIT_CONVERSION = YES;
				GCC_WARN_ABOUT_RETURN_TYPE = YES_ERROR;
				GCC_WARN_UNDECLARED_SELECTOR = YES;
				GCC_WARN_UNINITIALIZED_AUTOS = YES_AGGRESSIVE;
				GCC_WARN_UNUSED_FUNCTION = YES;
				GCC_WARN_UNUSED_VARIABLE = YES;
				IPHONEOS_DEPLOYMENT_TARGET = 15.2;
				MTL_ENABLE_DEBUG_INFO = INCLUDE_SOURCE;
				MTL_FAST_MATH = YES;
				ONLY_ACTIVE_ARCH = YES;
				SDKROOT = iphoneos;
				SWIFT_ACTIVE_COMPILATION_CONDITIONS = DEBUG;
				SWIFT_OPTIMIZATION_LEVEL = "-Onone";
			};
			name = Debug;
		};
		D8CC68A527D64EB500D25FF1 /* Release */ = {
			isa = XCBuildConfiguration;
			buildSettings = {
				ALWAYS_SEARCH_USER_PATHS = NO;
				CLANG_ANALYZER_LOCALIZABILITY_NONLOCALIZED = YES;
				CLANG_ANALYZER_NONNULL = YES;
				CLANG_ANALYZER_NUMBER_OBJECT_CONVERSION = YES_AGGRESSIVE;
				CLANG_CXX_LANGUAGE_STANDARD = "gnu++17";
				CLANG_CXX_LIBRARY = "libc++";
				CLANG_ENABLE_MODULES = YES;
				CLANG_ENABLE_OBJC_ARC = YES;
				CLANG_ENABLE_OBJC_WEAK = YES;
				CLANG_WARN_BLOCK_CAPTURE_AUTORELEASING = YES;
				CLANG_WARN_BOOL_CONVERSION = YES;
				CLANG_WARN_COMMA = YES;
				CLANG_WARN_CONSTANT_CONVERSION = YES;
				CLANG_WARN_DEPRECATED_OBJC_IMPLEMENTATIONS = YES;
				CLANG_WARN_DIRECT_OBJC_ISA_USAGE = YES_ERROR;
				CLANG_WARN_DOCUMENTATION_COMMENTS = YES;
				CLANG_WARN_EMPTY_BODY = YES;
				CLANG_WARN_ENUM_CONVERSION = YES;
				CLANG_WARN_INFINITE_RECURSION = YES;
				CLANG_WARN_INT_CONVERSION = YES;
				CLANG_WARN_NON_LITERAL_NULL_CONVERSION = YES;
				CLANG_WARN_OBJC_IMPLICIT_RETAIN_SELF = YES;
				CLANG_WARN_OBJC_LITERAL_CONVERSION = YES;
				CLANG_WARN_OBJC_ROOT_CLASS = YES_ERROR;
				CLANG_WARN_QUOTED_INCLUDE_IN_FRAMEWORK_HEADER = YES;
				CLANG_WARN_RANGE_LOOP_ANALYSIS = YES;
				CLANG_WARN_STRICT_PROTOTYPES = YES;
				CLANG_WARN_SUSPICIOUS_MOVE = YES;
				CLANG_WARN_UNGUARDED_AVAILABILITY = YES_AGGRESSIVE;
				CLANG_WARN_UNREACHABLE_CODE = YES;
				CLANG_WARN__DUPLICATE_METHOD_MATCH = YES;
				COPY_PHASE_STRIP = NO;
				DEBUG_INFORMATION_FORMAT = "dwarf-with-dsym";
				ENABLE_NS_ASSERTIONS = NO;
				ENABLE_STRICT_OBJC_MSGSEND = YES;
				GCC_C_LANGUAGE_STANDARD = gnu11;
				GCC_NO_COMMON_BLOCKS = YES;
				GCC_WARN_64_TO_32_BIT_CONVERSION = YES;
				GCC_WARN_ABOUT_RETURN_TYPE = YES_ERROR;
				GCC_WARN_UNDECLARED_SELECTOR = YES;
				GCC_WARN_UNINITIALIZED_AUTOS = YES_AGGRESSIVE;
				GCC_WARN_UNUSED_FUNCTION = YES;
				GCC_WARN_UNUSED_VARIABLE = YES;
				IPHONEOS_DEPLOYMENT_TARGET = 15.2;
				MTL_ENABLE_DEBUG_INFO = NO;
				MTL_FAST_MATH = YES;
				SDKROOT = iphoneos;
				SWIFT_COMPILATION_MODE = wholemodule;
				SWIFT_OPTIMIZATION_LEVEL = "-O";
				VALIDATE_PRODUCT = YES;
			};
			name = Release;
		};
		D8CC68A727D64EB500D25FF1 /* Debug */ = {
			isa = XCBuildConfiguration;
			buildSettings = {
				ASSETCATALOG_COMPILER_APPICON_NAME = AppIcon;
				ASSETCATALOG_COMPILER_GLOBAL_ACCENT_COLOR_NAME = AccentColor;
				CODE_SIGN_ENTITLEMENTS = Oovium/Resources/Oovium.entitlements;
				CODE_SIGN_IDENTITY = "Apple Development";
				"CODE_SIGN_IDENTITY[sdk=macosx*]" = "Apple Development";
				CODE_SIGN_STYLE = Automatic;
				CURRENT_PROJECT_VERSION = 13;
				DEVELOPMENT_TEAM = Z6PFG8RC6V;
				GENERATE_INFOPLIST_FILE = YES;
				INFOPLIST_FILE = Oovium/Info.plist;
				INFOPLIST_KEY_LSApplicationCategoryType = "public.app-category.productivity";
				INFOPLIST_KEY_UIApplicationSupportsIndirectInputEvents = YES;
				INFOPLIST_KEY_UILaunchStoryboardName = "Launch Screen";
				INFOPLIST_KEY_UIRequiresFullScreen = YES;
				INFOPLIST_KEY_UISupportedInterfaceOrientations = "UIInterfaceOrientationPortraitUpsideDown UIInterfaceOrientationLandscapeRight UIInterfaceOrientationLandscapeLeft UIInterfaceOrientationPortrait";
				INFOPLIST_KEY_UISupportedInterfaceOrientations_iPad = "UIInterfaceOrientationPortrait UIInterfaceOrientationPortraitUpsideDown UIInterfaceOrientationLandscapeLeft UIInterfaceOrientationLandscapeRight";
				INFOPLIST_KEY_UISupportedInterfaceOrientations_iPhone = "UIInterfaceOrientationPortrait UIInterfaceOrientationLandscapeLeft UIInterfaceOrientationLandscapeRight";
				LD_RUNPATH_SEARCH_PATHS = (
					"$(inherited)",
					"@executable_path/Frameworks",
				);
				MARKETING_VERSION = 2.1;
				PRODUCT_BUNDLE_IDENTIFIER = com.aepryus.oovium;
				PRODUCT_NAME = "$(TARGET_NAME)";
				PROVISIONING_PROFILE_SPECIFIER = "";
				"PROVISIONING_PROFILE_SPECIFIER[sdk=macosx*]" = "";
				SUPPORTS_MACCATALYST = YES;
				SUPPORTS_MAC_DESIGNED_FOR_IPHONE_IPAD = NO;
				SWIFT_EMIT_LOC_STRINGS = YES;
				SWIFT_VERSION = 5.0;
				TARGETED_DEVICE_FAMILY = "1,2";
			};
			name = Debug;
		};
		D8CC68A827D64EB500D25FF1 /* Release */ = {
			isa = XCBuildConfiguration;
			buildSettings = {
				ASSETCATALOG_COMPILER_APPICON_NAME = AppIcon;
				ASSETCATALOG_COMPILER_GLOBAL_ACCENT_COLOR_NAME = AccentColor;
				CODE_SIGN_ENTITLEMENTS = Oovium/Resources/Oovium.entitlements;
				CODE_SIGN_IDENTITY = "Apple Development";
				"CODE_SIGN_IDENTITY[sdk=macosx*]" = "Apple Development";
				CODE_SIGN_STYLE = Automatic;
				CURRENT_PROJECT_VERSION = 13;
				DEVELOPMENT_TEAM = Z6PFG8RC6V;
				GENERATE_INFOPLIST_FILE = YES;
				INFOPLIST_FILE = Oovium/Info.plist;
				INFOPLIST_KEY_LSApplicationCategoryType = "public.app-category.productivity";
				INFOPLIST_KEY_UIApplicationSupportsIndirectInputEvents = YES;
				INFOPLIST_KEY_UILaunchStoryboardName = "Launch Screen";
				INFOPLIST_KEY_UIRequiresFullScreen = YES;
				INFOPLIST_KEY_UISupportedInterfaceOrientations = "UIInterfaceOrientationPortraitUpsideDown UIInterfaceOrientationLandscapeRight UIInterfaceOrientationLandscapeLeft UIInterfaceOrientationPortrait";
				INFOPLIST_KEY_UISupportedInterfaceOrientations_iPad = "UIInterfaceOrientationPortrait UIInterfaceOrientationPortraitUpsideDown UIInterfaceOrientationLandscapeLeft UIInterfaceOrientationLandscapeRight";
				INFOPLIST_KEY_UISupportedInterfaceOrientations_iPhone = "UIInterfaceOrientationPortrait UIInterfaceOrientationLandscapeLeft UIInterfaceOrientationLandscapeRight";
				LD_RUNPATH_SEARCH_PATHS = (
					"$(inherited)",
					"@executable_path/Frameworks",
				);
				MARKETING_VERSION = 2.1;
				PRODUCT_BUNDLE_IDENTIFIER = com.aepryus.oovium;
				PRODUCT_NAME = "$(TARGET_NAME)";
				PROVISIONING_PROFILE_SPECIFIER = "";
				"PROVISIONING_PROFILE_SPECIFIER[sdk=macosx*]" = "";
				SUPPORTS_MACCATALYST = YES;
				SUPPORTS_MAC_DESIGNED_FOR_IPHONE_IPAD = NO;
				SWIFT_EMIT_LOC_STRINGS = YES;
				SWIFT_VERSION = 5.0;
				TARGETED_DEVICE_FAMILY = "1,2";
			};
			name = Release;
		};
/* End XCBuildConfiguration section */

/* Begin XCConfigurationList section */
		D8CC688D27D64EB500D25FF1 /* Build configuration list for PBXProject "Oovium" */ = {
			isa = XCConfigurationList;
			buildConfigurations = (
				D8CC68A427D64EB500D25FF1 /* Debug */,
				D8CC68A527D64EB500D25FF1 /* Release */,
			);
			defaultConfigurationIsVisible = 0;
			defaultConfigurationName = Release;
		};
		D8CC68A627D64EB500D25FF1 /* Build configuration list for PBXNativeTarget "Oovium" */ = {
			isa = XCConfigurationList;
			buildConfigurations = (
				D8CC68A727D64EB500D25FF1 /* Debug */,
				D8CC68A827D64EB500D25FF1 /* Release */,
			);
			defaultConfigurationIsVisible = 0;
			defaultConfigurationName = Release;
		};
/* End XCConfigurationList section */

/* Begin XCRemoteSwiftPackageReference section */
		D8CC68AF27D6506600D25FF1 /* XCRemoteSwiftPackageReference "OoviumKit" */ = {
			isa = XCRemoteSwiftPackageReference;
			repositoryURL = "https://github.com/aepryus/OoviumKit";
			requirement = {
				branch = master;
				kind = branch;
			};
		};
/* End XCRemoteSwiftPackageReference section */

/* Begin XCSwiftPackageProductDependency section */
		D8CC68B027D6506600D25FF1 /* OoviumKit */ = {
			isa = XCSwiftPackageProductDependency;
			package = D8CC68AF27D6506600D25FF1 /* XCRemoteSwiftPackageReference "OoviumKit" */;
			productName = OoviumKit;
		};
/* End XCSwiftPackageProductDependency section */
	};
	rootObject = D8CC688A27D64EB500D25FF1 /* Project object */;
}
