// !$*UTF8*$!
{
	archiveVersion = 1;
	classes = {
	};
	objectVersion = 55;
	objects = {

/* Begin PBXBuildFile section */
		D81898C528F8042D004F52D6 /* UIFont+Oovium.swift in Sources */ = {isa = PBXBuildFile; fileRef = D81898C428F8042D004F52D6 /* UIFont+Oovium.swift */; };
		D821901D2CEA2D2F00D493F2 /* RedDotMenu.swift in Sources */ = {isa = PBXBuildFile; fileRef = D821901C2CEA2A9900D493F2 /* RedDotMenu.swift */; };
		D835F15128ECF1600086E533 /* SkinMenu.swift in Sources */ = {isa = PBXBuildFile; fileRef = D835F15028ECF1600086E533 /* SkinMenu.swift */; };
		D83D48BD27D8E12F0078C828 /* Initiation.swift in Sources */ = {isa = PBXBuildFile; fileRef = D83D48BC27D8E12F0078C828 /* Initiation.swift */; };
		D83D48C927D8E1540078C828 /* OoviumState.swift in Sources */ = {isa = PBXBuildFile; fileRef = D83D48C327D8E1540078C828 /* OoviumState.swift */; };
		D83D48D227D8E5230078C828 /* LinksMenu.swift in Sources */ = {isa = PBXBuildFile; fileRef = D83D48CC27D8E5230078C828 /* LinksMenu.swift */; };
		D83D48D327D8E5230078C828 /* AetherMenu.swift in Sources */ = {isa = PBXBuildFile; fileRef = D83D48CD27D8E5230078C828 /* AetherMenu.swift */; };
		D83D48D427D8E5230078C828 /* RedDot.swift in Sources */ = {isa = PBXBuildFile; fileRef = D83D48CE27D8E5230078C828 /* RedDot.swift */; };
		D83D48D527D8E5230078C828 /* KeyPad.swift in Sources */ = {isa = PBXBuildFile; fileRef = D83D48CF27D8E5230078C828 /* KeyPad.swift */; };
		D83D48D627D8E5230078C828 /* RootMenu.swift in Sources */ = {isa = PBXBuildFile; fileRef = D83D48D027D8E5230078C828 /* RootMenu.swift */; };
		D83D48D727D8E5230078C828 /* HelpMenu.swift in Sources */ = {isa = PBXBuildFile; fileRef = D83D48D127D8E5230078C828 /* HelpMenu.swift */; };
		D83D48ED27DA00CE0078C828 /* AboutView.swift in Sources */ = {isa = PBXBuildFile; fileRef = D83D48EC27DA00CE0078C828 /* AboutView.swift */; };
		D83D48F427DA0A5F0078C828 /* OoviumDelegate.swift in Sources */ = {isa = PBXBuildFile; fileRef = D83D48F027DA0A5F0078C828 /* OoviumDelegate.swift */; };
		D83D48F727DA0A5F0078C828 /* OoviumController.swift in Sources */ = {isa = PBXBuildFile; fileRef = D83D48F327DA0A5F0078C828 /* OoviumController.swift */; };
		D83D48FB27DA0A790078C828 /* BootPond.swift in Sources */ = {isa = PBXBuildFile; fileRef = D83D48F927DA0A790078C828 /* BootPond.swift */; };
		D83D48FC27DA0A790078C828 /* ExitPond.swift in Sources */ = {isa = PBXBuildFile; fileRef = D83D48FA27DA0A790078C828 /* ExitPond.swift */; };
		D83D490627DA0A930078C828 /* Security.swift in Sources */ = {isa = PBXBuildFile; fileRef = D83D48FE27DA0A930078C828 /* Security.swift */; };
		D83D490927DA0A930078C828 /* Pequod.swift in Sources */ = {isa = PBXBuildFile; fileRef = D83D490327DA0A930078C828 /* Pequod.swift */; };
		D83D490A27DA0A930078C828 /* Shell.swift in Sources */ = {isa = PBXBuildFile; fileRef = D83D490527DA0A930078C828 /* Shell.swift */; };
		D83FC5B02CE6AFF80056DC85 /* WhatsNew31.oo in Resources */ = {isa = PBXBuildFile; fileRef = D83FC5AF2CE6AFF80056DC85 /* WhatsNew31.oo */; };
		D83FC5B22CE6B0960056DC85 /* WhatsNew30.oo in Resources */ = {isa = PBXBuildFile; fileRef = D83FC5B12CE6B0960056DC85 /* WhatsNew30.oo */; };
		D83FC5B42CE6B4A70056DC85 /* Horizon30.oo in Resources */ = {isa = PBXBuildFile; fileRef = D83FC5B32CE6B4A70056DC85 /* Horizon30.oo */; };
		D83FC5B62CE6B6140056DC85 /* Horizon31.oo in Resources */ = {isa = PBXBuildFile; fileRef = D83FC5B52CE6B6140056DC85 /* Horizon31.oo */; };
		D89A53DB28CB3DD000F84008 /* Settings.swift in Sources */ = {isa = PBXBuildFile; fileRef = D89A53DA28CB3DD000F84008 /* Settings.swift */; };
		D89A53E628CB488100F84008 /* ScaleView.swift in Sources */ = {isa = PBXBuildFile; fileRef = D89A53E328CB488100F84008 /* ScaleView.swift */; };
		D89A53E728CB488100F84008 /* SettingsHover.swift in Sources */ = {isa = PBXBuildFile; fileRef = D89A53E428CB488100F84008 /* SettingsHover.swift */; };
		D89A53E828CB488100F84008 /* SwapButton.swift in Sources */ = {isa = PBXBuildFile; fileRef = D89A53E528CB488100F84008 /* SwapButton.swift */; };
		D8B5BB9C27DDD24000D46874 /* Launch Screen.storyboard in Resources */ = {isa = PBXBuildFile; fileRef = D8B5BB9427DDD24000D46874 /* Launch Screen.storyboard */; };
		D8B5BB9D27DDD24000D46874 /* Localizable.strings in Resources */ = {isa = PBXBuildFile; fileRef = D8B5BB9627DDD24000D46874 /* Localizable.strings */; };
		D8B5BB9E27DDD24000D46874 /* Assets.xcassets in Resources */ = {isa = PBXBuildFile; fileRef = D8B5BB9B27DDD24000D46874 /* Assets.xcassets */; };
		D8B6F7C12CD59E9B003E61A8 /* OoviumMenu.swift in Sources */ = {isa = PBXBuildFile; fileRef = D8B6F7C02CD59E98003E61A8 /* OoviumMenu.swift */; };
		D8CC68AD27D64F3500D25FF1 /* Oovium.swift in Sources */ = {isa = PBXBuildFile; fileRef = D8CC68AC27D64F3500D25FF1 /* Oovium.swift */; };
		D8CC68B127D6506600D25FF1 /* OoviumKit in Frameworks */ = {isa = PBXBuildFile; productRef = D8CC68B027D6506600D25FF1 /* OoviumKit */; };
		D8D1A39F2921CA8200B2B4D7 /* CheatSheet.oo in Resources */ = {isa = PBXBuildFile; fileRef = D8D1A39E2921CA8200B2B4D7 /* CheatSheet.oo */; };
/* End PBXBuildFile section */

/* Begin PBXFileReference section */
		D81898C428F8042D004F52D6 /* UIFont+Oovium.swift */ = {isa = PBXFileReference; lastKnownFileType = sourcecode.swift; path = "UIFont+Oovium.swift"; sourceTree = "<group>"; };
		D821901C2CEA2A9900D493F2 /* RedDotMenu.swift */ = {isa = PBXFileReference; lastKnownFileType = sourcecode.swift; path = RedDotMenu.swift; sourceTree = "<group>"; };
		D832029428B6B5DE00164F19 /* Info.plist */ = {isa = PBXFileReference; lastKnownFileType = text.plist; name = Info.plist; path = Oovium/Info.plist; sourceTree = SOURCE_ROOT; };
		D835F15028ECF1600086E533 /* SkinMenu.swift */ = {isa = PBXFileReference; lastKnownFileType = sourcecode.swift; path = SkinMenu.swift; sourceTree = "<group>"; };
		D83D48BC27D8E12F0078C828 /* Initiation.swift */ = {isa = PBXFileReference; fileEncoding = 4; lastKnownFileType = sourcecode.swift; path = Initiation.swift; sourceTree = "<group>"; };
		D83D48C327D8E1540078C828 /* OoviumState.swift */ = {isa = PBXFileReference; fileEncoding = 4; lastKnownFileType = sourcecode.swift; path = OoviumState.swift; sourceTree = "<group>"; };
		D83D48CC27D8E5230078C828 /* LinksMenu.swift */ = {isa = PBXFileReference; fileEncoding = 4; lastKnownFileType = sourcecode.swift; path = LinksMenu.swift; sourceTree = "<group>"; };
		D83D48CD27D8E5230078C828 /* AetherMenu.swift */ = {isa = PBXFileReference; fileEncoding = 4; lastKnownFileType = sourcecode.swift; path = AetherMenu.swift; sourceTree = "<group>"; };
		D83D48CE27D8E5230078C828 /* RedDot.swift */ = {isa = PBXFileReference; fileEncoding = 4; lastKnownFileType = sourcecode.swift; path = RedDot.swift; sourceTree = "<group>"; };
		D83D48CF27D8E5230078C828 /* KeyPad.swift */ = {isa = PBXFileReference; fileEncoding = 4; lastKnownFileType = sourcecode.swift; path = KeyPad.swift; sourceTree = "<group>"; };
		D83D48D027D8E5230078C828 /* RootMenu.swift */ = {isa = PBXFileReference; fileEncoding = 4; lastKnownFileType = sourcecode.swift; path = RootMenu.swift; sourceTree = "<group>"; };
		D83D48D127D8E5230078C828 /* HelpMenu.swift */ = {isa = PBXFileReference; fileEncoding = 4; lastKnownFileType = sourcecode.swift; path = HelpMenu.swift; sourceTree = "<group>"; };
		D83D48EC27DA00CE0078C828 /* AboutView.swift */ = {isa = PBXFileReference; lastKnownFileType = sourcecode.swift; path = AboutView.swift; sourceTree = "<group>"; };
		D83D48F027DA0A5F0078C828 /* OoviumDelegate.swift */ = {isa = PBXFileReference; fileEncoding = 4; lastKnownFileType = sourcecode.swift; path = OoviumDelegate.swift; sourceTree = "<group>"; };
		D83D48F327DA0A5F0078C828 /* OoviumController.swift */ = {isa = PBXFileReference; fileEncoding = 4; lastKnownFileType = sourcecode.swift; path = OoviumController.swift; sourceTree = "<group>"; };
		D83D48F927DA0A790078C828 /* BootPond.swift */ = {isa = PBXFileReference; fileEncoding = 4; lastKnownFileType = sourcecode.swift; path = BootPond.swift; sourceTree = "<group>"; };
		D83D48FA27DA0A790078C828 /* ExitPond.swift */ = {isa = PBXFileReference; fileEncoding = 4; lastKnownFileType = sourcecode.swift; path = ExitPond.swift; sourceTree = "<group>"; };
		D83D48FE27DA0A930078C828 /* Security.swift */ = {isa = PBXFileReference; fileEncoding = 4; lastKnownFileType = sourcecode.swift; path = Security.swift; sourceTree = "<group>"; };
		D83D490327DA0A930078C828 /* Pequod.swift */ = {isa = PBXFileReference; fileEncoding = 4; lastKnownFileType = sourcecode.swift; path = Pequod.swift; sourceTree = "<group>"; };
		D83D490527DA0A930078C828 /* Shell.swift */ = {isa = PBXFileReference; fileEncoding = 4; lastKnownFileType = sourcecode.swift; path = Shell.swift; sourceTree = "<group>"; };
		D83FC5AF2CE6AFF80056DC85 /* WhatsNew31.oo */ = {isa = PBXFileReference; explicitFileType = text.json; path = WhatsNew31.oo; sourceTree = "<group>"; };
		D83FC5B12CE6B0960056DC85 /* WhatsNew30.oo */ = {isa = PBXFileReference; explicitFileType = text.json; path = WhatsNew30.oo; sourceTree = "<group>"; };
		D83FC5B32CE6B4A70056DC85 /* Horizon30.oo */ = {isa = PBXFileReference; explicitFileType = text.json; path = Horizon30.oo; sourceTree = "<group>"; };
		D83FC5B52CE6B6140056DC85 /* Horizon31.oo */ = {isa = PBXFileReference; lastKnownFileType = text; path = Horizon31.oo; sourceTree = "<group>"; };
		D89A53DA28CB3DD000F84008 /* Settings.swift */ = {isa = PBXFileReference; lastKnownFileType = sourcecode.swift; path = Settings.swift; sourceTree = "<group>"; };
		D89A53E328CB488100F84008 /* ScaleView.swift */ = {isa = PBXFileReference; fileEncoding = 4; lastKnownFileType = sourcecode.swift; path = ScaleView.swift; sourceTree = "<group>"; };
		D89A53E428CB488100F84008 /* SettingsHover.swift */ = {isa = PBXFileReference; fileEncoding = 4; lastKnownFileType = sourcecode.swift; path = SettingsHover.swift; sourceTree = "<group>"; };
		D89A53E528CB488100F84008 /* SwapButton.swift */ = {isa = PBXFileReference; fileEncoding = 4; lastKnownFileType = sourcecode.swift; path = SwapButton.swift; sourceTree = "<group>"; };
		D8B5BB9427DDD24000D46874 /* Launch Screen.storyboard */ = {isa = PBXFileReference; fileEncoding = 4; lastKnownFileType = file.storyboard; path = "Launch Screen.storyboard"; sourceTree = "<group>"; };
		D8B5BB9727DDD24000D46874 /* de */ = {isa = PBXFileReference; lastKnownFileType = text.plist.strings; name = de; path = de.lproj/Localizable.strings; sourceTree = "<group>"; };
		D8B5BB9827DDD24000D46874 /* ja */ = {isa = PBXFileReference; lastKnownFileType = text.plist.strings; name = ja; path = ja.lproj/Localizable.strings; sourceTree = "<group>"; };
		D8B5BB9927DDD24000D46874 /* en */ = {isa = PBXFileReference; lastKnownFileType = text.plist.strings; name = en; path = en.lproj/Localizable.strings; sourceTree = "<group>"; };
		D8B5BB9A27DDD24000D46874 /* Base */ = {isa = PBXFileReference; lastKnownFileType = text.plist.strings; name = Base; path = Base.lproj/Localizable.strings; sourceTree = "<group>"; };
		D8B5BB9B27DDD24000D46874 /* Assets.xcassets */ = {isa = PBXFileReference; lastKnownFileType = folder.assetcatalog; path = Assets.xcassets; sourceTree = "<group>"; };
		D8B6F7C02CD59E98003E61A8 /* OoviumMenu.swift */ = {isa = PBXFileReference; lastKnownFileType = sourcecode.swift; path = OoviumMenu.swift; sourceTree = "<group>"; };
		D8CC689227D64EB500D25FF1 /* Oovium.app */ = {isa = PBXFileReference; explicitFileType = wrapper.application; includeInIndex = 0; path = Oovium.app; sourceTree = BUILT_PRODUCTS_DIR; };
		D8CC68AC27D64F3500D25FF1 /* Oovium.swift */ = {isa = PBXFileReference; lastKnownFileType = sourcecode.swift; path = Oovium.swift; sourceTree = "<group>"; };
		D8D1A39E2921CA8200B2B4D7 /* CheatSheet.oo */ = {isa = PBXFileReference; explicitFileType = text.json; path = CheatSheet.oo; sourceTree = "<group>"; };
/* End PBXFileReference section */

/* Begin PBXFrameworksBuildPhase section */
		D8CC688F27D64EB500D25FF1 /* Frameworks */ = {
			isa = PBXFrameworksBuildPhase;
			buildActionMask = 2147483647;
			files = (
				D8CC68B127D6506600D25FF1 /* OoviumKit in Frameworks */,
			);
			runOnlyForDeploymentPostprocessing = 0;
		};
/* End PBXFrameworksBuildPhase section */

/* Begin PBXGroup section */
		D81898C328F80418004F52D6 /* Extensions */ = {
			isa = PBXGroup;
			children = (
				D81898C428F8042D004F52D6 /* UIFont+Oovium.swift */,
			);
			path = Extensions;
			sourceTree = "<group>";
		};
		D83D48B527D8E1060078C828 /* Initiation */ = {
			isa = PBXGroup;
			children = (
				D83D48BE27D8E13B0078C828 /* States */,
				D83D48BC27D8E12F0078C828 /* Initiation.swift */,
			);
			path = Initiation;
			sourceTree = "<group>";
		};
		D83D48BE27D8E13B0078C828 /* States */ = {
			isa = PBXGroup;
			children = (
				D83D48C327D8E1540078C828 /* OoviumState.swift */,
			);
			path = States;
			sourceTree = "<group>";
		};
		D83D48CB27D8E4EF0078C828 /* Menu */ = {
			isa = PBXGroup;
			children = (
				D821901C2CEA2A9900D493F2 /* RedDotMenu.swift */,
				D83D48CD27D8E5230078C828 /* AetherMenu.swift */,
				D83D48D127D8E5230078C828 /* HelpMenu.swift */,
				D83D48CF27D8E5230078C828 /* KeyPad.swift */,
				D83D48CC27D8E5230078C828 /* LinksMenu.swift */,
				D83D48CE27D8E5230078C828 /* RedDot.swift */,
				D83D48D027D8E5230078C828 /* RootMenu.swift */,
				D835F15028ECF1600086E533 /* SkinMenu.swift */,
			);
			path = Menu;
			sourceTree = "<group>";
		};
		D83D48EB27DA00BA0078C828 /* Other */ = {
			isa = PBXGroup;
			children = (
				D83D48EC27DA00CE0078C828 /* AboutView.swift */,
			);
			path = Other;
			sourceTree = "<group>";
		};
		D83D48F827DA0A790078C828 /* Ponds */ = {
			isa = PBXGroup;
			children = (
				D83D48F927DA0A790078C828 /* BootPond.swift */,
				D83D48FA27DA0A790078C828 /* ExitPond.swift */,
			);
			path = Ponds;
			sourceTree = "<group>";
		};
		D83D490227DA0A930078C828 /* Pequod */ = {
			isa = PBXGroup;
			children = (
				D83D48FE27DA0A930078C828 /* Security.swift */,
				D83D490327DA0A930078C828 /* Pequod.swift */,
				D83D490427DA0A930078C828 /* Domain */,
			);
			path = Pequod;
			sourceTree = "<group>";
		};
		D83D490427DA0A930078C828 /* Domain */ = {
			isa = PBXGroup;
			children = (
				D89A53DA28CB3DD000F84008 /* Settings.swift */,
				D83D490527DA0A930078C828 /* Shell.swift */,
			);
			path = Domain;
			sourceTree = "<group>";
		};
		D89A53DC28CB47C500F84008 /* Settings */ = {
			isa = PBXGroup;
			children = (
				D89A53E328CB488100F84008 /* ScaleView.swift */,
				D89A53E428CB488100F84008 /* SettingsHover.swift */,
				D89A53E528CB488100F84008 /* SwapButton.swift */,
			);
			path = Settings;
			sourceTree = "<group>";
		};
		D8B5BB8E27DDD1BD00D46874 /* Resources */ = {
			isa = PBXGroup;
			children = (
				D832029428B6B5DE00164F19 /* Info.plist */,
				D8B5BB9B27DDD24000D46874 /* Assets.xcassets */,
				D8B5BB9427DDD24000D46874 /* Launch Screen.storyboard */,
				D8B5BB9627DDD24000D46874 /* Localizable.strings */,
				D8B5BB9227DDD20600D46874 /* Aethers */,
			);
			path = Resources;
			sourceTree = "<group>";
		};
		D8B5BB9227DDD20600D46874 /* Aethers */ = {
			isa = PBXGroup;
			children = (
				D83FC5B52CE6B6140056DC85 /* Horizon31.oo */,
				D83FC5B32CE6B4A70056DC85 /* Horizon30.oo */,
				D8D1A39E2921CA8200B2B4D7 /* CheatSheet.oo */,
				D83FC5B12CE6B0960056DC85 /* WhatsNew30.oo */,
				D83FC5AF2CE6AFF80056DC85 /* WhatsNew31.oo */,
			);
			path = Aethers;
			sourceTree = "<group>";
		};
		D8CC688927D64EB500D25FF1 = {
			isa = PBXGroup;
			children = (
				D8CC689427D64EB500D25FF1 /* Oovium */,
				D8B5BB8E27DDD1BD00D46874 /* Resources */,
				D8CC689327D64EB500D25FF1 /* Products */,
			);
			sourceTree = "<group>";
		};
		D8CC689327D64EB500D25FF1 /* Products */ = {
			isa = PBXGroup;
			children = (
				D8CC689227D64EB500D25FF1 /* Oovium.app */,
			);
			name = Products;
			sourceTree = "<group>";
		};
		D8CC689427D64EB500D25FF1 /* Oovium */ = {
			isa = PBXGroup;
			children = (
				D81898C328F80418004F52D6 /* Extensions */,
				D83D490227DA0A930078C828 /* Pequod */,
				D8CC68A927D64EE400D25FF1 /* Interface */,
				D8CC68AA27D64EFC00D25FF1 /* Global */,
			);
			path = Oovium;
			sourceTree = "<group>";
		};
		D8CC68A927D64EE400D25FF1 /* Interface */ = {
			isa = PBXGroup;
			children = (
				D89A53DC28CB47C500F84008 /* Settings */,
				D83D48EB27DA00BA0078C828 /* Other */,
				D83D48CB27D8E4EF0078C828 /* Menu */,
				D83D48B527D8E1060078C828 /* Initiation */,
			);
			path = Interface;
			sourceTree = "<group>";
		};
		D8CC68AA27D64EFC00D25FF1 /* Global */ = {
			isa = PBXGroup;
			children = (
				D83D48F827DA0A790078C828 /* Ponds */,
				D83D48F327DA0A5F0078C828 /* OoviumController.swift */,
				D83D48F027DA0A5F0078C828 /* OoviumDelegate.swift */,
				D8B6F7C02CD59E98003E61A8 /* OoviumMenu.swift */,
				D8CC68AC27D64F3500D25FF1 /* Oovium.swift */,
			);
			path = Global;
			sourceTree = "<group>";
		};
/* End PBXGroup section */

/* Begin PBXNativeTarget section */
		D8CC689127D64EB500D25FF1 /* Oovium */ = {
			isa = PBXNativeTarget;
			buildConfigurationList = D8CC68A627D64EB500D25FF1 /* Build configuration list for PBXNativeTarget "Oovium" */;
			buildPhases = (
				D8CC688E27D64EB500D25FF1 /* Sources */,
				D8CC688F27D64EB500D25FF1 /* Frameworks */,
				D8CC689027D64EB500D25FF1 /* Resources */,
			);
			buildRules = (
			);
			dependencies = (
			);
			name = Oovium;
			packageProductDependencies = (
				D8CC68B027D6506600D25FF1 /* OoviumKit */,
			);
			productName = Oovium;
			productReference = D8CC689227D64EB500D25FF1 /* Oovium.app */;
			productType = "com.apple.product-type.application";
		};
/* End PBXNativeTarget section */

/* Begin PBXProject section */
		D8CC688A27D64EB500D25FF1 /* Project object */ = {
			isa = PBXProject;
			attributes = {
				BuildIndependentTargetsInParallel = 1;
				CLASSPREFIX = OO;
				LastSwiftUpdateCheck = 1320;
				LastUpgradeCheck = 1600;
				ORGANIZATIONNAME = "Aepryus Software";
				TargetAttributes = {
					D8CC689127D64EB500D25FF1 = {
						CreatedOnToolsVersion = 13.2.1;
					};
				};
			};
			buildConfigurationList = D8CC688D27D64EB500D25FF1 /* Build configuration list for PBXProject "Oovium" */;
			compatibilityVersion = "Xcode 13.0";
			developmentRegion = en;
			hasScannedForEncodings = 0;
			knownRegions = (
				en,
				Base,
				de,
				ja,
			);
			mainGroup = D8CC688927D64EB500D25FF1;
			packageReferences = (
				D8CC68AF27D6506600D25FF1 /* XCRemoteSwiftPackageReference "OoviumKit" */,
			);
			productRefGroup = D8CC689327D64EB500D25FF1 /* Products */;
			projectDirPath = "";
			projectRoot = "";
			targets = (
				D8CC689127D64EB500D25FF1 /* Oovium */,
			);
		};
/* End PBXProject section */

/* Begin PBXResourcesBuildPhase section */
		D8CC689027D64EB500D25FF1 /* Resources */ = {
			isa = PBXResourcesBuildPhase;
			buildActionMask = 2147483647;
			files = (
				D83FC5B22CE6B0960056DC85 /* WhatsNew30.oo in Resources */,
				D8B5BB9C27DDD24000D46874 /* Launch Screen.storyboard in Resources */,
				D8B5BB9E27DDD24000D46874 /* Assets.xcassets in Resources */,
				D83FC5B42CE6B4A70056DC85 /* Horizon30.oo in Resources */,
				D83FC5B02CE6AFF80056DC85 /* WhatsNew31.oo in Resources */,
				D83FC5B62CE6B6140056DC85 /* Horizon31.oo in Resources */,
				D8D1A39F2921CA8200B2B4D7 /* CheatSheet.oo in Resources */,
				D8B5BB9D27DDD24000D46874 /* Localizable.strings in Resources */,
			);
			runOnlyForDeploymentPostprocessing = 0;
		};
/* End PBXResourcesBuildPhase section */

/* Begin PBXSourcesBuildPhase section */
		D8CC688E27D64EB500D25FF1 /* Sources */ = {
			isa = PBXSourcesBuildPhase;
			buildActionMask = 2147483647;
			files = (
				D83D48C927D8E1540078C828 /* OoviumState.swift in Sources */,
				D83D48D327D8E5230078C828 /* AetherMenu.swift in Sources */,
				D83D48D227D8E5230078C828 /* LinksMenu.swift in Sources */,
				D8CC68AD27D64F3500D25FF1 /* Oovium.swift in Sources */,
				D83D490A27DA0A930078C828 /* Shell.swift in Sources */,
				D89A53E728CB488100F84008 /* SettingsHover.swift in Sources */,
				D83D48F427DA0A5F0078C828 /* OoviumDelegate.swift in Sources */,
				D83D48BD27D8E12F0078C828 /* Initiation.swift in Sources */,
				D83D48FB27DA0A790078C828 /* BootPond.swift in Sources */,
				D89A53DB28CB3DD000F84008 /* Settings.swift in Sources */,
				D8B6F7C12CD59E9B003E61A8 /* OoviumMenu.swift in Sources */,
				D83D48D427D8E5230078C828 /* RedDot.swift in Sources */,
				D83D490627DA0A930078C828 /* Security.swift in Sources */,
				D83D48D527D8E5230078C828 /* KeyPad.swift in Sources */,
				D83D48FC27DA0A790078C828 /* ExitPond.swift in Sources */,
				D835F15128ECF1600086E533 /* SkinMenu.swift in Sources */,
				D83D490927DA0A930078C828 /* Pequod.swift in Sources */,
				D89A53E828CB488100F84008 /* SwapButton.swift in Sources */,
				D83D48F727DA0A5F0078C828 /* OoviumController.swift in Sources */,
				D821901D2CEA2D2F00D493F2 /* RedDotMenu.swift in Sources */,
				D83D48ED27DA00CE0078C828 /* AboutView.swift in Sources */,
				D83D48D727D8E5230078C828 /* HelpMenu.swift in Sources */,
				D81898C528F8042D004F52D6 /* UIFont+Oovium.swift in Sources */,
				D83D48D627D8E5230078C828 /* RootMenu.swift in Sources */,
				D89A53E628CB488100F84008 /* ScaleView.swift in Sources */,
			);
			runOnlyForDeploymentPostprocessing = 0;
		};
/* End PBXSourcesBuildPhase section */

/* Begin PBXVariantGroup section */
		D8B5BB9627DDD24000D46874 /* Localizable.strings */ = {
			isa = PBXVariantGroup;
			children = (
				D8B5BB9727DDD24000D46874 /* de */,
				D8B5BB9827DDD24000D46874 /* ja */,
				D8B5BB9927DDD24000D46874 /* en */,
				D8B5BB9A27DDD24000D46874 /* Base */,
			);
			name = Localizable.strings;
			sourceTree = "<group>";
		};
/* End PBXVariantGroup section */

/* Begin XCBuildConfiguration section */
		D8CC68A427D64EB500D25FF1 /* Debug */ = {
			isa = XCBuildConfiguration;
			buildSettings = {
				ALWAYS_SEARCH_USER_PATHS = NO;
				ASSETCATALOG_COMPILER_GENERATE_SWIFT_ASSET_SYMBOL_EXTENSIONS = YES;
				CLANG_ANALYZER_LOCALIZABILITY_NONLOCALIZED = YES;
				CLANG_ANALYZER_NONNULL = YES;
				CLANG_ANALYZER_NUMBER_OBJECT_CONVERSION = YES_AGGRESSIVE;
				CLANG_CXX_LANGUAGE_STANDARD = "gnu++17";
				CLANG_CXX_LIBRARY = "libc++";
				CLANG_ENABLE_MODULES = YES;
				CLANG_ENABLE_OBJC_ARC = YES;
				CLANG_ENABLE_OBJC_WEAK = YES;
				CLANG_WARN_BLOCK_CAPTURE_AUTORELEASING = YES;
				CLANG_WARN_BOOL_CONVERSION = YES;
				CLANG_WARN_COMMA = YES;
				CLANG_WARN_CONSTANT_CONVERSION = YES;
				CLANG_WARN_DEPRECATED_OBJC_IMPLEMENTATIONS = YES;
				CLANG_WARN_DIRECT_OBJC_ISA_USAGE = YES_ERROR;
				CLANG_WARN_DOCUMENTATION_COMMENTS = YES;
				CLANG_WARN_EMPTY_BODY = YES;
				CLANG_WARN_ENUM_CONVERSION = YES;
				CLANG_WARN_INFINITE_RECURSION = YES;
				CLANG_WARN_INT_CONVERSION = YES;
				CLANG_WARN_NON_LITERAL_NULL_CONVERSION = YES;
				CLANG_WARN_OBJC_IMPLICIT_RETAIN_SELF = YES;
				CLANG_WARN_OBJC_LITERAL_CONVERSION = YES;
				CLANG_WARN_OBJC_ROOT_CLASS = YES_ERROR;
				CLANG_WARN_QUOTED_INCLUDE_IN_FRAMEWORK_HEADER = YES;
				CLANG_WARN_RANGE_LOOP_ANALYSIS = YES;
				CLANG_WARN_STRICT_PROTOTYPES = YES;
				CLANG_WARN_SUSPICIOUS_MOVE = YES;
				CLANG_WARN_UNGUARDED_AVAILABILITY = YES_AGGRESSIVE;
				CLANG_WARN_UNREACHABLE_CODE = YES;
				CLANG_WARN__DUPLICATE_METHOD_MATCH = YES;
				COPY_PHASE_STRIP = NO;
				DEBUG_INFORMATION_FORMAT = dwarf;
				ENABLE_STRICT_OBJC_MSGSEND = YES;
				ENABLE_TESTABILITY = YES;
				ENABLE_USER_SCRIPT_SANDBOXING = YES;
				GCC_C_LANGUAGE_STANDARD = gnu11;
				GCC_DYNAMIC_NO_PIC = NO;
				GCC_NO_COMMON_BLOCKS = YES;
				GCC_OPTIMIZATION_LEVEL = 0;
				GCC_PREPROCESSOR_DEFINITIONS = (
					"DEBUG=1",
					"$(inherited)",
				);
				GCC_WARN_64_TO_32_BIT_CONVERSION = YES;
				GCC_WARN_ABOUT_RETURN_TYPE = YES_ERROR;
				GCC_WARN_UNDECLARED_SELECTOR = YES;
				GCC_WARN_UNINITIALIZED_AUTOS = YES_AGGRESSIVE;
				GCC_WARN_UNUSED_FUNCTION = YES;
				GCC_WARN_UNUSED_VARIABLE = YES;
				IPHONEOS_DEPLOYMENT_TARGET = 15.2;
				MACOSX_DEPLOYMENT_TARGET = 10.15;
				MTL_ENABLE_DEBUG_INFO = INCLUDE_SOURCE;
				MTL_FAST_MATH = YES;
				ONLY_ACTIVE_ARCH = YES;
				SDKROOT = iphoneos;
				SWIFT_ACTIVE_COMPILATION_CONDITIONS = DEBUG;
				SWIFT_OPTIMIZATION_LEVEL = "-Onone";
			};
			name = Debug;
		};
		D8CC68A527D64EB500D25FF1 /* Release */ = {
			isa = XCBuildConfiguration;
			buildSettings = {
				ALWAYS_SEARCH_USER_PATHS = NO;
				ASSETCATALOG_COMPILER_GENERATE_SWIFT_ASSET_SYMBOL_EXTENSIONS = YES;
				CLANG_ANALYZER_LOCALIZABILITY_NONLOCALIZED = YES;
				CLANG_ANALYZER_NONNULL = YES;
				CLANG_ANALYZER_NUMBER_OBJECT_CONVERSION = YES_AGGRESSIVE;
				CLANG_CXX_LANGUAGE_STANDARD = "gnu++17";
				CLANG_CXX_LIBRARY = "libc++";
				CLANG_ENABLE_MODULES = YES;
				CLANG_ENABLE_OBJC_ARC = YES;
				CLANG_ENABLE_OBJC_WEAK = YES;
				CLANG_WARN_BLOCK_CAPTURE_AUTORELEASING = YES;
				CLANG_WARN_BOOL_CONVERSION = YES;
				CLANG_WARN_COMMA = YES;
				CLANG_WARN_CONSTANT_CONVERSION = YES;
				CLANG_WARN_DEPRECATED_OBJC_IMPLEMENTATIONS = YES;
				CLANG_WARN_DIRECT_OBJC_ISA_USAGE = YES_ERROR;
				CLANG_WARN_DOCUMENTATION_COMMENTS = YES;
				CLANG_WARN_EMPTY_BODY = YES;
				CLANG_WARN_ENUM_CONVERSION = YES;
				CLANG_WARN_INFINITE_RECURSION = YES;
				CLANG_WARN_INT_CONVERSION = YES;
				CLANG_WARN_NON_LITERAL_NULL_CONVERSION = YES;
				CLANG_WARN_OBJC_IMPLICIT_RETAIN_SELF = YES;
				CLANG_WARN_OBJC_LITERAL_CONVERSION = YES;
				CLANG_WARN_OBJC_ROOT_CLASS = YES_ERROR;
				CLANG_WARN_QUOTED_INCLUDE_IN_FRAMEWORK_HEADER = YES;
				CLANG_WARN_RANGE_LOOP_ANALYSIS = YES;
				CLANG_WARN_STRICT_PROTOTYPES = YES;
				CLANG_WARN_SUSPICIOUS_MOVE = YES;
				CLANG_WARN_UNGUARDED_AVAILABILITY = YES_AGGRESSIVE;
				CLANG_WARN_UNREACHABLE_CODE = YES;
				CLANG_WARN__DUPLICATE_METHOD_MATCH = YES;
				COPY_PHASE_STRIP = NO;
				DEBUG_INFORMATION_FORMAT = "dwarf-with-dsym";
				ENABLE_NS_ASSERTIONS = NO;
				ENABLE_STRICT_OBJC_MSGSEND = YES;
				ENABLE_USER_SCRIPT_SANDBOXING = YES;
				GCC_C_LANGUAGE_STANDARD = gnu11;
				GCC_NO_COMMON_BLOCKS = YES;
				GCC_WARN_64_TO_32_BIT_CONVERSION = YES;
				GCC_WARN_ABOUT_RETURN_TYPE = YES_ERROR;
				GCC_WARN_UNDECLARED_SELECTOR = YES;
				GCC_WARN_UNINITIALIZED_AUTOS = YES_AGGRESSIVE;
				GCC_WARN_UNUSED_FUNCTION = YES;
				GCC_WARN_UNUSED_VARIABLE = YES;
				IPHONEOS_DEPLOYMENT_TARGET = 15.2;
				MACOSX_DEPLOYMENT_TARGET = 10.15;
				MTL_ENABLE_DEBUG_INFO = NO;
				MTL_FAST_MATH = YES;
				SDKROOT = iphoneos;
				SWIFT_COMPILATION_MODE = wholemodule;
				SWIFT_OPTIMIZATION_LEVEL = "-O";
				VALIDATE_PRODUCT = YES;
			};
			name = Release;
		};
		D8CC68A727D64EB500D25FF1 /* Debug */ = {
			isa = XCBuildConfiguration;
			buildSettings = {
				ASSETCATALOG_COMPILER_APPICON_NAME = AppIcon;
				ASSETCATALOG_COMPILER_GLOBAL_ACCENT_COLOR_NAME = AccentColor;
				CODE_SIGN_ENTITLEMENTS = Oovium/Resources/Oovium.entitlements;
				CODE_SIGN_IDENTITY = "Apple Development";
				"CODE_SIGN_IDENTITY[sdk=macosx*]" = "Apple Development";
				CODE_SIGN_STYLE = Automatic;
				CURRENT_PROJECT_VERSION = 26;
				DEVELOPMENT_TEAM = Z6PFG8RC6V;
				GENERATE_INFOPLIST_FILE = YES;
				INFOPLIST_FILE = Oovium/Info.plist;
				INFOPLIST_KEY_LSApplicationCategoryType = "public.app-category.productivity";
				INFOPLIST_KEY_UIApplicationSupportsIndirectInputEvents = YES;
				INFOPLIST_KEY_UILaunchStoryboardName = "Launch Screen";
				INFOPLIST_KEY_UIRequiresFullScreen = YES;
				INFOPLIST_KEY_UISupportedInterfaceOrientations = "UIInterfaceOrientationPortraitUpsideDown UIInterfaceOrientationLandscapeRight UIInterfaceOrientationLandscapeLeft UIInterfaceOrientationPortrait";
				INFOPLIST_KEY_UISupportedInterfaceOrientations_iPad = "UIInterfaceOrientationPortrait UIInterfaceOrientationPortraitUpsideDown UIInterfaceOrientationLandscapeLeft UIInterfaceOrientationLandscapeRight";
				INFOPLIST_KEY_UISupportedInterfaceOrientations_iPhone = "UIInterfaceOrientationPortrait UIInterfaceOrientationLandscapeLeft UIInterfaceOrientationLandscapeRight";
				IPHONEOS_DEPLOYMENT_TARGET = 15.1;
				LD_RUNPATH_SEARCH_PATHS = (
					"$(inherited)",
					"@executable_path/Frameworks",
				);
				MACOSX_DEPLOYMENT_TARGET = 11.0;
				MARKETING_VERSION = 3.1;
				PRODUCT_BUNDLE_IDENTIFIER = com.aepryus.oovium;
				PRODUCT_NAME = "$(TARGET_NAME)";
				PROVISIONING_PROFILE_SPECIFIER = "";
				"PROVISIONING_PROFILE_SPECIFIER[sdk=macosx*]" = "";
				SUPPORTS_MACCATALYST = YES;
				SUPPORTS_MAC_DESIGNED_FOR_IPHONE_IPAD = NO;
				SWIFT_EMIT_LOC_STRINGS = YES;
				SWIFT_VERSION = 5.0;
				TARGETED_DEVICE_FAMILY = "1,2";
			};
			name = Debug;
		};
		D8CC68A827D64EB500D25FF1 /* Release */ = {
			isa = XCBuildConfiguration;
			buildSettings = {
				ASSETCATALOG_COMPILER_APPICON_NAME = AppIcon;
				ASSETCATALOG_COMPILER_GLOBAL_ACCENT_COLOR_NAME = AccentColor;
				CODE_SIGN_ENTITLEMENTS = Oovium/Resources/Oovium.entitlements;
				CODE_SIGN_IDENTITY = "Apple Development";
				"CODE_SIGN_IDENTITY[sdk=macosx*]" = "Apple Development";
				CODE_SIGN_STYLE = Automatic;
				CURRENT_PROJECT_VERSION = 26;
				DEVELOPMENT_TEAM = Z6PFG8RC6V;
				GENERATE_INFOPLIST_FILE = YES;
				INFOPLIST_FILE = Oovium/Info.plist;
				INFOPLIST_KEY_LSApplicationCategoryType = "public.app-category.productivity";
				INFOPLIST_KEY_UIApplicationSupportsIndirectInputEvents = YES;
				INFOPLIST_KEY_UILaunchStoryboardName = "Launch Screen";
				INFOPLIST_KEY_UIRequiresFullScreen = YES;
				INFOPLIST_KEY_UISupportedInterfaceOrientations = "UIInterfaceOrientationPortraitUpsideDown UIInterfaceOrientationLandscapeRight UIInterfaceOrientationLandscapeLeft UIInterfaceOrientationPortrait";
				INFOPLIST_KEY_UISupportedInterfaceOrientations_iPad = "UIInterfaceOrientationPortrait UIInterfaceOrientationPortraitUpsideDown UIInterfaceOrientationLandscapeLeft UIInterfaceOrientationLandscapeRight";
				INFOPLIST_KEY_UISupportedInterfaceOrientations_iPhone = "UIInterfaceOrientationPortrait UIInterfaceOrientationLandscapeLeft UIInterfaceOrientationLandscapeRight";
				IPHONEOS_DEPLOYMENT_TARGET = 15.1;
				LD_RUNPATH_SEARCH_PATHS = (
					"$(inherited)",
					"@executable_path/Frameworks",
				);
				MACOSX_DEPLOYMENT_TARGET = 11.0;
				MARKETING_VERSION = 3.1;
				PRODUCT_BUNDLE_IDENTIFIER = com.aepryus.oovium;
				PRODUCT_NAME = "$(TARGET_NAME)";
				PROVISIONING_PROFILE_SPECIFIER = "";
				"PROVISIONING_PROFILE_SPECIFIER[sdk=macosx*]" = "";
				SUPPORTS_MACCATALYST = YES;
				SUPPORTS_MAC_DESIGNED_FOR_IPHONE_IPAD = NO;
				SWIFT_EMIT_LOC_STRINGS = YES;
				SWIFT_VERSION = 5.0;
				TARGETED_DEVICE_FAMILY = "1,2";
			};
			name = Release;
		};
/* End XCBuildConfiguration section */

/* Begin XCConfigurationList section */
		D8CC688D27D64EB500D25FF1 /* Build configuration list for PBXProject "Oovium" */ = {
			isa = XCConfigurationList;
			buildConfigurations = (
				D8CC68A427D64EB500D25FF1 /* Debug */,
				D8CC68A527D64EB500D25FF1 /* Release */,
			);
			defaultConfigurationIsVisible = 0;
			defaultConfigurationName = Release;
		};
		D8CC68A627D64EB500D25FF1 /* Build configuration list for PBXNativeTarget "Oovium" */ = {
			isa = XCConfigurationList;
			buildConfigurations = (
				D8CC68A727D64EB500D25FF1 /* Debug */,
				D8CC68A827D64EB500D25FF1 /* Release */,
			);
			defaultConfigurationIsVisible = 0;
			defaultConfigurationName = Release;
		};
/* End XCConfigurationList section */

/* Begin XCRemoteSwiftPackageReference section */
		D8CC68AF27D6506600D25FF1 /* XCRemoteSwiftPackageReference "OoviumKit" */ = {
			isa = XCRemoteSwiftPackageReference;
			repositoryURL = "https://github.com/aepryus/OoviumKit";
			requirement = {
				branch = master;
				kind = branch;
			};
		};
/* End XCRemoteSwiftPackageReference section */

/* Begin XCSwiftPackageProductDependency section */
		D8CC68B027D6506600D25FF1 /* OoviumKit */ = {
			isa = XCSwiftPackageProductDependency;
			package = D8CC68AF27D6506600D25FF1 /* XCRemoteSwiftPackageReference "OoviumKit" */;
			productName = OoviumKit;
		};
/* End XCSwiftPackageProductDependency section */
	};
	rootObject = D8CC688A27D64EB500D25FF1 /* Project object */;
}
